// !$*UTF8*$!
{
	archiveVersion = 1;
	classes = {
	};
	objectVersion = 46;
	objects = {

/* Begin PBXBuildFile section */
		4EA7DA26D1080F909A71489B /* libPods-Photon WatchKit Extension.a in Frameworks */ = {isa = PBXBuildFile; fileRef = 4E1C73569DDDB048C99B7BFD /* libPods-Photon WatchKit Extension.a */; };
		D30358781AE4CDAE00D929DC /* PNSettingsVC.m in Sources */ = {isa = PBXBuildFile; fileRef = D30358761AE4CDAE00D929DC /* PNSettingsVC.m */; };
		D30358791AE4CDAE00D929DC /* PNSettingsVC.xib in Resources */ = {isa = PBXBuildFile; fileRef = D30358771AE4CDAE00D929DC /* PNSettingsVC.xib */; };
		D3180F3F1AD23757007D95D8 /* PNBrightnessPickerVC.xib in Resources */ = {isa = PBXBuildFile; fileRef = D3180F3E1AD23757007D95D8 /* PNBrightnessPickerVC.xib */; };
		D31C3BE51A722834006D2678 /* ResourceRowController.m in Sources */ = {isa = PBXBuildFile; fileRef = D31C3BE41A722834006D2678 /* ResourceRowController.m */; };
		D31D54E81B0EFADC00C53F9A /* libPods-Photon-Mixpanel.a in Frameworks */ = {isa = PBXBuildFile; fileRef = D31D54E71B0EFADC00C53F9A /* libPods-Photon-Mixpanel.a */; };
		D322AA0E1A6E0D7B00D7DC05 /* HueBridgeView.m in Sources */ = {isa = PBXBuildFile; fileRef = D322AA0D1A6E0D7B00D7DC05 /* HueBridgeView.m */; };
		D344C5401AECB21C002522D0 /* AppDelegate.m in Sources */ = {isa = PBXBuildFile; fileRef = D344C53F1AECB21C002522D0 /* AppDelegate.m */; };
		D344C5421AECB21C002522D0 /* main.m in Sources */ = {isa = PBXBuildFile; fileRef = D344C5411AECB21C002522D0 /* main.m */; };
		D344C5441AECB21C002522D0 /* Images.xcassets in Resources */ = {isa = PBXBuildFile; fileRef = D344C5431AECB21C002522D0 /* Images.xcassets */; };
		D344C5471AECB21C002522D0 /* MainMenu.xib in Resources */ = {isa = PBXBuildFile; fileRef = D344C5451AECB21C002522D0 /* MainMenu.xib */; };
		D344C5531AECB21C002522D0 /* Photon__OS_X_Tests.m in Sources */ = {isa = PBXBuildFile; fileRef = D344C5521AECB21C002522D0 /* Photon__OS_X_Tests.m */; };
		D344C55E1AEE152A002522D0 /* Crashlytics.framework in Frameworks */ = {isa = PBXBuildFile; fileRef = D344C55C1AEE152A002522D0 /* Crashlytics.framework */; };
		D344C55F1AEE152A002522D0 /* Fabric.framework in Frameworks */ = {isa = PBXBuildFile; fileRef = D344C55D1AEE152A002522D0 /* Fabric.framework */; };
		D34FB2A71A71714600DB659E /* PNWatchResourceIC.m in Sources */ = {isa = PBXBuildFile; fileRef = D34FB2A61A71714600DB659E /* PNWatchResourceIC.m */; };
		D34FB2AA1A71714600DB659E /* NotificationController.m in Sources */ = {isa = PBXBuildFile; fileRef = D34FB2A91A71714600DB659E /* NotificationController.m */; };
		D34FB2B01A71714700DB659E /* Photon WatchKit App.app in Resources */ = {isa = PBXBuildFile; fileRef = D34FB2AF1A71714700DB659E /* Photon WatchKit App.app */; };
		D34FB2B81A71714700DB659E /* Interface.storyboard in Resources */ = {isa = PBXBuildFile; fileRef = D34FB2B61A71714700DB659E /* Interface.storyboard */; };
		D34FB2BD1A71714700DB659E /* Photon WatchKit Extension.appex in Embed App Extensions */ = {isa = PBXBuildFile; fileRef = D34FB2A01A71714600DB659E /* Photon WatchKit Extension.appex */; settings = {ATTRIBUTES = (RemoveHeadersOnCopy, ); }; };
		D36AAE621AACED8200EE0C2A /* PNBrightnessPickerVC.m in Sources */ = {isa = PBXBuildFile; fileRef = D36AAE611AACED8200EE0C2A /* PNBrightnessPickerVC.m */; };
		D3779F131A78B483008B817A /* ResourceCollectionHeaderReusableView.xib in Resources */ = {isa = PBXBuildFile; fileRef = D3779F121A78B483008B817A /* ResourceCollectionHeaderReusableView.xib */; };
		D37BE56E1AE4302A006D4605 /* PNEditGroupVC.m in Sources */ = {isa = PBXBuildFile; fileRef = D37BE56C1AE4302A006D4605 /* PNEditGroupVC.m */; };
		D37BE56F1AE4302A006D4605 /* PNEditGroupVC.xib in Resources */ = {isa = PBXBuildFile; fileRef = D37BE56D1AE4302A006D4605 /* PNEditGroupVC.xib */; };
		D380F1861AE2F03F00D846B9 /* HueSDK_iOS.framework in Frameworks */ = {isa = PBXBuildFile; fileRef = D380F1851AE2F03F00D846B9 /* HueSDK_iOS.framework */; };
		D380F1871AE2F04F00D846B9 /* HueSDK_iOS.framework in Frameworks */ = {isa = PBXBuildFile; fileRef = D380F1851AE2F03F00D846B9 /* HueSDK_iOS.framework */; };
		D38780061AE50B29003DCF46 /* PNEditLightVC.m in Sources */ = {isa = PBXBuildFile; fileRef = D38780051AE50B29003DCF46 /* PNEditLightVC.m */; };
		D38780081AE50B46003DCF46 /* PNEditLightVC.xib in Resources */ = {isa = PBXBuildFile; fileRef = D38780071AE50B46003DCF46 /* PNEditLightVC.xib */; };
		D387800B1AE51898003DCF46 /* MessageUI.framework in Frameworks */ = {isa = PBXBuildFile; fileRef = D387800A1AE51898003DCF46 /* MessageUI.framework */; };
		D387800F1AE52B88003DCF46 /* Default-568h@2x.png in Resources */ = {isa = PBXBuildFile; fileRef = D387800C1AE52B88003DCF46 /* Default-568h@2x.png */; };
		D38780101AE52B88003DCF46 /* Default@2x.png in Resources */ = {isa = PBXBuildFile; fileRef = D387800D1AE52B88003DCF46 /* Default@2x.png */; };
		D38780111AE52B88003DCF46 /* Default.png in Resources */ = {isa = PBXBuildFile; fileRef = D387800E1AE52B88003DCF46 /* Default.png */; };
		D38C163B1A68DE96006FE974 /* main.m in Sources */ = {isa = PBXBuildFile; fileRef = D38C163A1A68DE96006FE974 /* main.m */; };
		D38C163E1A68DE96006FE974 /* PNAppDelegate.m in Sources */ = {isa = PBXBuildFile; fileRef = D38C163D1A68DE96006FE974 /* PNAppDelegate.m */; };
		D38C16461A68DE96006FE974 /* Images.xcassets in Resources */ = {isa = PBXBuildFile; fileRef = D38C16451A68DE96006FE974 /* Images.xcassets */; };
		D38C16491A68DE96006FE974 /* LaunchScreen.xib in Resources */ = {isa = PBXBuildFile; fileRef = D38C16471A68DE96006FE974 /* LaunchScreen.xib */; };
		D38C16551A68DE96006FE974 /* PhotonTests.m in Sources */ = {isa = PBXBuildFile; fileRef = D38C16541A68DE96006FE974 /* PhotonTests.m */; };
		D39094871AFD327100070B37 /* PNWatchLightSettingIC.m in Sources */ = {isa = PBXBuildFile; fileRef = D39094861AFD327100070B37 /* PNWatchLightSettingIC.m */; };
		D390948A1AFD36E900070B37 /* PNWatchBrightnessRC.m in Sources */ = {isa = PBXBuildFile; fileRef = D39094891AFD36E900070B37 /* PNWatchBrightnessRC.m */; };
		D39A902F1AB9DC92003E0760 /* UIColor+PNUtilities.m in Sources */ = {isa = PBXBuildFile; fileRef = D3D4561E1A8B163000219219 /* UIColor+PNUtilities.m */; };
		D3A8936E1AE42B3E00B230E1 /* PNGroupListVC.m in Sources */ = {isa = PBXBuildFile; fileRef = D3A8936C1AE42B3E00B230E1 /* PNGroupListVC.m */; };
		D3A8936F1AE42B3E00B230E1 /* PNGroupListVC.xib in Resources */ = {isa = PBXBuildFile; fileRef = D3A8936D1AE42B3E00B230E1 /* PNGroupListVC.xib */; };
		D3B90BB21A6F902F0062E355 /* LightGroupView.xib in Resources */ = {isa = PBXBuildFile; fileRef = D3B90BB11A6F902F0062E355 /* LightGroupView.xib */; };
		D3BA63381A6B664600095EF7 /* DDAbstractDatabaseLogger.m in Sources */ = {isa = PBXBuildFile; fileRef = D3BA632A1A6B664600095EF7 /* DDAbstractDatabaseLogger.m */; };
		D3BA63391A6B664600095EF7 /* DDASLLogger.m in Sources */ = {isa = PBXBuildFile; fileRef = D3BA632C1A6B664600095EF7 /* DDASLLogger.m */; };
		D3BA633A1A6B664600095EF7 /* DDFileLogger.m in Sources */ = {isa = PBXBuildFile; fileRef = D3BA632E1A6B664600095EF7 /* DDFileLogger.m */; };
		D3BA633B1A6B664600095EF7 /* DDLog.m in Sources */ = {isa = PBXBuildFile; fileRef = D3BA63301A6B664600095EF7 /* DDLog.m */; };
		D3BA633C1A6B664600095EF7 /* DDTTYLogger.m in Sources */ = {isa = PBXBuildFile; fileRef = D3BA63321A6B664600095EF7 /* DDTTYLogger.m */; };
		D3BA633D1A6B664600095EF7 /* ContextFilterLogFormatter.m in Sources */ = {isa = PBXBuildFile; fileRef = D3BA63351A6B664600095EF7 /* ContextFilterLogFormatter.m */; };
		D3BA633E1A6B664600095EF7 /* DispatchQueueLogFormatter.m in Sources */ = {isa = PBXBuildFile; fileRef = D3BA63371A6B664600095EF7 /* DispatchQueueLogFormatter.m */; };
		D3BA96771AB9EC0A0026F77A /* PhotonLightController.h in CopyFiles */ = {isa = PBXBuildFile; fileRef = D3BA96761AB9EC0A0026F77A /* PhotonLightController.h */; };
		D3BA96791AB9EC0A0026F77A /* PhotonLightController.m in Sources */ = {isa = PBXBuildFile; fileRef = D3BA96781AB9EC0A0026F77A /* PhotonLightController.m */; };
		D3BA967F1AB9EC0A0026F77A /* libPhotonLightController.a in Frameworks */ = {isa = PBXBuildFile; fileRef = D3BA96741AB9EC0A0026F77A /* libPhotonLightController.a */; };
		D3C33B331A738AD10008EAFA /* PNLightController.m in Sources */ = {isa = PBXBuildFile; fileRef = D3C33B321A738AD10008EAFA /* PNLightController.m */; };
		D3C487EE1A8088B000ED9EDC /* PNColorView.m in Sources */ = {isa = PBXBuildFile; fileRef = D3C487ED1A8088B000ED9EDC /* PNColorView.m */; };
		D3C53A171AB9826A00D8F6DF /* DDTTYLogger.m in Sources */ = {isa = PBXBuildFile; fileRef = D3BA63321A6B664600095EF7 /* DDTTYLogger.m */; };
		D3D4561F1A8B163000219219 /* UIColor+PNUtilities.m in Sources */ = {isa = PBXBuildFile; fileRef = D3D4561E1A8B163000219219 /* UIColor+PNUtilities.m */; };
		D3D473461B0B0B8F00BD08E0 /* PNWatchIC.m in Sources */ = {isa = PBXBuildFile; fileRef = D3D473451B0B0B8F00BD08E0 /* PNWatchIC.m */; };
		D3D473491B0B0F8400BD08E0 /* PNWatchGlanceIC.m in Sources */ = {isa = PBXBuildFile; fileRef = D3D473481B0B0F8400BD08E0 /* PNWatchGlanceIC.m */; };
		D3DF823C1A7425B1001AD7DB /* PNLightController.m in Sources */ = {isa = PBXBuildFile; fileRef = D3C33B321A738AD10008EAFA /* PNLightController.m */; };
		D3DF823E1A74264C001AD7DB /* DDLog.m in Sources */ = {isa = PBXBuildFile; fileRef = D3BA63301A6B664600095EF7 /* DDLog.m */; };
		D3E4C8431AE543A2006509D8 /* Images.xcassets in Resources */ = {isa = PBXBuildFile; fileRef = D3E4C8421AE543A2006509D8 /* Images.xcassets */; };
		D3EC3D401AD08C0F00B29301 /* PNBrightnessCell.xib in Resources */ = {isa = PBXBuildFile; fileRef = D3EC3D3F1AD08C0F00B29301 /* PNBrightnessCell.xib */; };
		D3EC3D431AD08DB200B29301 /* PNBrightnessCell.m in Sources */ = {isa = PBXBuildFile; fileRef = D3EC3D421AD08DB200B29301 /* PNBrightnessCell.m */; };
		D3EC69D41AABF2EF00DE4C65 /* PNUtilities.m in Sources */ = {isa = PBXBuildFile; fileRef = D3EC69D31AABF2EF00DE4C65 /* PNUtilities.m */; };
		D3EC69D51AABF35400DE4C65 /* PNUtilities.m in Sources */ = {isa = PBXBuildFile; fileRef = D3EC69D31AABF2EF00DE4C65 /* PNUtilities.m */; };
		D3ED38501A7DAD30000CE316 /* ResourceCollectionViewCell.m in Sources */ = {isa = PBXBuildFile; fileRef = D3ED384F1A7DAD30000CE316 /* ResourceCollectionViewCell.m */; };
		D3ED38521A7DBE58000CE316 /* ResourceCollectionViewCell.xib in Resources */ = {isa = PBXBuildFile; fileRef = D3ED38511A7DBE58000CE316 /* ResourceCollectionViewCell.xib */; };
		D3ED38591A7ED43F000CE316 /* SceneListViewController.m in Sources */ = {isa = PBXBuildFile; fileRef = D3ED38581A7ED43F000CE316 /* SceneListViewController.m */; };
		D3ED385E1A7FE2A9000CE316 /* PNColorPickerVC.m in Sources */ = {isa = PBXBuildFile; fileRef = D3ED385D1A7FE2A9000CE316 /* PNColorPickerVC.m */; };
		D3FB69501A6CF7080068945E /* SetupViewController.m in Sources */ = {isa = PBXBuildFile; fileRef = D3FB694E1A6CF7080068945E /* SetupViewController.m */; };
		D3FB69511A6CF7080068945E /* SetupViewController.xib in Resources */ = {isa = PBXBuildFile; fileRef = D3FB694F1A6CF7080068945E /* SetupViewController.xib */; };
		D3FB69551A6D0D810068945E /* ResourceViewController.m in Sources */ = {isa = PBXBuildFile; fileRef = D3FB69531A6D0D810068945E /* ResourceViewController.m */; };
/* End PBXBuildFile section */

/* Begin PBXContainerItemProxy section */
		D344C54D1AECB21C002522D0 /* PBXContainerItemProxy */ = {
			isa = PBXContainerItemProxy;
			containerPortal = D38C162D1A68DE96006FE974 /* Project object */;
			proxyType = 1;
			remoteGlobalIDString = D344C5391AECB21C002522D0;
			remoteInfo = "Photon (OS X)";
		};
		D34FB2B11A71714700DB659E /* PBXContainerItemProxy */ = {
			isa = PBXContainerItemProxy;
			containerPortal = D38C162D1A68DE96006FE974 /* Project object */;
			proxyType = 1;
			remoteGlobalIDString = D34FB2AE1A71714700DB659E;
			remoteInfo = "Photon WatchKit App";
		};
		D34FB2BB1A71714700DB659E /* PBXContainerItemProxy */ = {
			isa = PBXContainerItemProxy;
			containerPortal = D38C162D1A68DE96006FE974 /* Project object */;
			proxyType = 1;
			remoteGlobalIDString = D34FB29F1A71714600DB659E;
			remoteInfo = "Photon WatchKit Extension";
		};
		D38C164F1A68DE96006FE974 /* PBXContainerItemProxy */ = {
			isa = PBXContainerItemProxy;
			containerPortal = D38C162D1A68DE96006FE974 /* Project object */;
			proxyType = 1;
			remoteGlobalIDString = D38C16341A68DE96006FE974;
			remoteInfo = Photon;
		};
		D3BA96801AB9EC0A0026F77A /* PBXContainerItemProxy */ = {
			isa = PBXContainerItemProxy;
			containerPortal = D38C162D1A68DE96006FE974 /* Project object */;
			proxyType = 1;
			remoteGlobalIDString = D3BA96731AB9EC0A0026F77A;
			remoteInfo = PhotonLightController;
		};
/* End PBXContainerItemProxy section */

/* Begin PBXCopyFilesBuildPhase section */
		D34FB24B1A70F56F00DB659E /* Embed App Extensions */ = {
			isa = PBXCopyFilesBuildPhase;
			buildActionMask = 2147483647;
			dstPath = "";
			dstSubfolderSpec = 13;
			files = (
				D34FB2BD1A71714700DB659E /* Photon WatchKit Extension.appex in Embed App Extensions */,
			);
			name = "Embed App Extensions";
			runOnlyForDeploymentPostprocessing = 0;
		};
		D3BA96721AB9EC0A0026F77A /* CopyFiles */ = {
			isa = PBXCopyFilesBuildPhase;
			buildActionMask = 2147483647;
			dstPath = "include/$(PRODUCT_NAME)";
			dstSubfolderSpec = 16;
			files = (
				D3BA96771AB9EC0A0026F77A /* PhotonLightController.h in CopyFiles */,
			);
			runOnlyForDeploymentPostprocessing = 0;
		};
/* End PBXCopyFilesBuildPhase section */

/* Begin PBXFileReference section */
		4E1C73569DDDB048C99B7BFD /* libPods-Photon WatchKit Extension.a */ = {isa = PBXFileReference; explicitFileType = archive.ar; includeInIndex = 0; path = "libPods-Photon WatchKit Extension.a"; sourceTree = BUILT_PRODUCTS_DIR; };
		5A7EEBCB6438DFACE80ED517 /* Pods-Photon.debug.xcconfig */ = {isa = PBXFileReference; includeInIndex = 1; lastKnownFileType = text.xcconfig; name = "Pods-Photon.debug.xcconfig"; path = "Pods/Target Support Files/Pods-Photon/Pods-Photon.debug.xcconfig"; sourceTree = "<group>"; };
		71518618920DCD3A394F7099 /* libPods-Photon.a */ = {isa = PBXFileReference; explicitFileType = archive.ar; includeInIndex = 0; path = "libPods-Photon.a"; sourceTree = BUILT_PRODUCTS_DIR; };
		7A3FE52FBDAE77747EBA0628 /* Pods.debug.xcconfig */ = {isa = PBXFileReference; includeInIndex = 1; lastKnownFileType = text.xcconfig; name = Pods.debug.xcconfig; path = "Pods/Target Support Files/Pods/Pods.debug.xcconfig"; sourceTree = "<group>"; };
		A5FFCB92737127147D863A4D /* Pods-Photon.release.xcconfig */ = {isa = PBXFileReference; includeInIndex = 1; lastKnownFileType = text.xcconfig; name = "Pods-Photon.release.xcconfig"; path = "Pods/Target Support Files/Pods-Photon/Pods-Photon.release.xcconfig"; sourceTree = "<group>"; };
		A8E2619878DDD17147702D85 /* Pods-Photon WatchKit Extension.debug.xcconfig */ = {isa = PBXFileReference; includeInIndex = 1; lastKnownFileType = text.xcconfig; name = "Pods-Photon WatchKit Extension.debug.xcconfig"; path = "Pods/Target Support Files/Pods-Photon WatchKit Extension/Pods-Photon WatchKit Extension.debug.xcconfig"; sourceTree = "<group>"; };
		C318FD3CA9F58D71D9F07A18 /* Pods-Photon WatchKit Extension.release.xcconfig */ = {isa = PBXFileReference; includeInIndex = 1; lastKnownFileType = text.xcconfig; name = "Pods-Photon WatchKit Extension.release.xcconfig"; path = "Pods/Target Support Files/Pods-Photon WatchKit Extension/Pods-Photon WatchKit Extension.release.xcconfig"; sourceTree = "<group>"; };
		D30358751AE4CDAE00D929DC /* PNSettingsVC.h */ = {isa = PBXFileReference; fileEncoding = 4; lastKnownFileType = sourcecode.c.h; path = PNSettingsVC.h; sourceTree = "<group>"; };
		D30358761AE4CDAE00D929DC /* PNSettingsVC.m */ = {isa = PBXFileReference; fileEncoding = 4; lastKnownFileType = sourcecode.c.objc; path = PNSettingsVC.m; sourceTree = "<group>"; };
		D30358771AE4CDAE00D929DC /* PNSettingsVC.xib */ = {isa = PBXFileReference; fileEncoding = 4; lastKnownFileType = file.xib; path = PNSettingsVC.xib; sourceTree = "<group>"; };
		D3180F3E1AD23757007D95D8 /* PNBrightnessPickerVC.xib */ = {isa = PBXFileReference; fileEncoding = 4; lastKnownFileType = file.xib; path = PNBrightnessPickerVC.xib; sourceTree = "<group>"; };
		D31C3BE31A722834006D2678 /* ResourceRowController.h */ = {isa = PBXFileReference; fileEncoding = 4; lastKnownFileType = sourcecode.c.h; path = ResourceRowController.h; sourceTree = "<group>"; };
		D31C3BE41A722834006D2678 /* ResourceRowController.m */ = {isa = PBXFileReference; fileEncoding = 4; lastKnownFileType = sourcecode.c.objc; path = ResourceRowController.m; sourceTree = "<group>"; };
		D31D54E01B0EEFB500C53F9A /* libPods-Photon.a */ = {isa = PBXFileReference; lastKnownFileType = archive.ar; name = "libPods-Photon.a"; path = "Pods/build/Debug-iphoneos/libPods-Photon.a"; sourceTree = "<group>"; };
		D31D54E51B0EFA8900C53F9A /* libPods-Photon-Mixpanel.a */ = {isa = PBXFileReference; lastKnownFileType = archive.ar; name = "libPods-Photon-Mixpanel.a"; path = "Pods/build/Debug-iphoneos/libPods-Photon-Mixpanel.a"; sourceTree = "<group>"; };
		D31D54E71B0EFADC00C53F9A /* libPods-Photon-Mixpanel.a */ = {isa = PBXFileReference; lastKnownFileType = archive.ar; name = "libPods-Photon-Mixpanel.a"; path = "Pods/build/Debug-iphoneos/libPods-Photon-Mixpanel.a"; sourceTree = "<group>"; };
		D322AA0C1A6E0D7B00D7DC05 /* HueBridgeView.h */ = {isa = PBXFileReference; fileEncoding = 4; lastKnownFileType = sourcecode.c.h; path = HueBridgeView.h; sourceTree = "<group>"; };
		D322AA0D1A6E0D7B00D7DC05 /* HueBridgeView.m */ = {isa = PBXFileReference; fileEncoding = 4; lastKnownFileType = sourcecode.c.objc; path = HueBridgeView.m; sourceTree = "<group>"; };
		D344C53A1AECB21C002522D0 /* Photon (OS X).app */ = {isa = PBXFileReference; explicitFileType = wrapper.application; includeInIndex = 0; path = "Photon (OS X).app"; sourceTree = BUILT_PRODUCTS_DIR; };
		D344C53D1AECB21C002522D0 /* Info.plist */ = {isa = PBXFileReference; lastKnownFileType = text.plist.xml; path = Info.plist; sourceTree = "<group>"; };
		D344C53E1AECB21C002522D0 /* AppDelegate.h */ = {isa = PBXFileReference; lastKnownFileType = sourcecode.c.h; path = AppDelegate.h; sourceTree = "<group>"; };
		D344C53F1AECB21C002522D0 /* AppDelegate.m */ = {isa = PBXFileReference; lastKnownFileType = sourcecode.c.objc; path = AppDelegate.m; sourceTree = "<group>"; };
		D344C5411AECB21C002522D0 /* main.m */ = {isa = PBXFileReference; lastKnownFileType = sourcecode.c.objc; path = main.m; sourceTree = "<group>"; };
		D344C5431AECB21C002522D0 /* Images.xcassets */ = {isa = PBXFileReference; lastKnownFileType = folder.assetcatalog; path = Images.xcassets; sourceTree = "<group>"; };
		D344C5461AECB21C002522D0 /* Base */ = {isa = PBXFileReference; lastKnownFileType = file.xib; name = Base; path = Base.lproj/MainMenu.xib; sourceTree = "<group>"; };
		D344C54C1AECB21C002522D0 /* Photon (OS X)Tests.xctest */ = {isa = PBXFileReference; explicitFileType = wrapper.cfbundle; includeInIndex = 0; path = "Photon (OS X)Tests.xctest"; sourceTree = BUILT_PRODUCTS_DIR; };
		D344C5511AECB21C002522D0 /* Info.plist */ = {isa = PBXFileReference; lastKnownFileType = text.plist.xml; path = Info.plist; sourceTree = "<group>"; };
		D344C5521AECB21C002522D0 /* Photon__OS_X_Tests.m */ = {isa = PBXFileReference; lastKnownFileType = sourcecode.c.objc; path = Photon__OS_X_Tests.m; sourceTree = "<group>"; };
		D344C55C1AEE152A002522D0 /* Crashlytics.framework */ = {isa = PBXFileReference; lastKnownFileType = wrapper.framework; path = Crashlytics.framework; sourceTree = "<group>"; };
		D344C55D1AEE152A002522D0 /* Fabric.framework */ = {isa = PBXFileReference; lastKnownFileType = wrapper.framework; path = Fabric.framework; sourceTree = "<group>"; };
		D34DAEFA1B07EF85001CF778 /* SystemConfiguration.framework */ = {isa = PBXFileReference; lastKnownFileType = wrapper.framework; name = SystemConfiguration.framework; path = System/Library/Frameworks/SystemConfiguration.framework; sourceTree = SDKROOT; };
		D34FB2A01A71714600DB659E /* Photon WatchKit Extension.appex */ = {isa = PBXFileReference; explicitFileType = "wrapper.app-extension"; includeInIndex = 0; path = "Photon WatchKit Extension.appex"; sourceTree = BUILT_PRODUCTS_DIR; };
		D34FB2A31A71714600DB659E /* Info.plist */ = {isa = PBXFileReference; lastKnownFileType = text.plist.xml; path = Info.plist; sourceTree = "<group>"; };
		D34FB2A41A71714600DB659E /* PushNotificationPayload.apns */ = {isa = PBXFileReference; lastKnownFileType = text; path = PushNotificationPayload.apns; sourceTree = "<group>"; };
		D34FB2A51A71714600DB659E /* PNWatchResourceIC.h */ = {isa = PBXFileReference; lastKnownFileType = sourcecode.c.h; path = PNWatchResourceIC.h; sourceTree = "<group>"; };
		D34FB2A61A71714600DB659E /* PNWatchResourceIC.m */ = {isa = PBXFileReference; lastKnownFileType = sourcecode.c.objc; path = PNWatchResourceIC.m; sourceTree = "<group>"; };
		D34FB2A81A71714600DB659E /* NotificationController.h */ = {isa = PBXFileReference; lastKnownFileType = sourcecode.c.h; path = NotificationController.h; sourceTree = "<group>"; };
		D34FB2A91A71714600DB659E /* NotificationController.m */ = {isa = PBXFileReference; lastKnownFileType = sourcecode.c.objc; path = NotificationController.m; sourceTree = "<group>"; };
		D34FB2AF1A71714700DB659E /* Photon WatchKit App.app */ = {isa = PBXFileReference; explicitFileType = wrapper.application; includeInIndex = 0; path = "Photon WatchKit App.app"; sourceTree = BUILT_PRODUCTS_DIR; };
		D34FB2B51A71714700DB659E /* Info.plist */ = {isa = PBXFileReference; lastKnownFileType = text.plist.xml; path = Info.plist; sourceTree = "<group>"; };
		D34FB2B71A71714700DB659E /* Base */ = {isa = PBXFileReference; lastKnownFileType = file.storyboard; name = Base; path = Base.lproj/Interface.storyboard; sourceTree = "<group>"; };
		D36AAE601AACED8200EE0C2A /* PNBrightnessPickerVC.h */ = {isa = PBXFileReference; fileEncoding = 4; lastKnownFileType = sourcecode.c.h; name = PNBrightnessPickerVC.h; path = ../PNBrightnessPickerVC.h; sourceTree = "<group>"; };
		D36AAE611AACED8200EE0C2A /* PNBrightnessPickerVC.m */ = {isa = PBXFileReference; fileEncoding = 4; lastKnownFileType = sourcecode.c.objc; name = PNBrightnessPickerVC.m; path = ../PNBrightnessPickerVC.m; sourceTree = "<group>"; };
		D3779F121A78B483008B817A /* ResourceCollectionHeaderReusableView.xib */ = {isa = PBXFileReference; fileEncoding = 4; lastKnownFileType = file.xib; path = ResourceCollectionHeaderReusableView.xib; sourceTree = "<group>"; };
		D37BE56B1AE4302A006D4605 /* PNEditGroupVC.h */ = {isa = PBXFileReference; fileEncoding = 4; lastKnownFileType = sourcecode.c.h; path = PNEditGroupVC.h; sourceTree = "<group>"; };
		D37BE56C1AE4302A006D4605 /* PNEditGroupVC.m */ = {isa = PBXFileReference; fileEncoding = 4; lastKnownFileType = sourcecode.c.objc; path = PNEditGroupVC.m; sourceTree = "<group>"; };
		D37BE56D1AE4302A006D4605 /* PNEditGroupVC.xib */ = {isa = PBXFileReference; fileEncoding = 4; lastKnownFileType = file.xib; path = PNEditGroupVC.xib; sourceTree = "<group>"; };
		D380F1851AE2F03F00D846B9 /* HueSDK_iOS.framework */ = {isa = PBXFileReference; lastKnownFileType = wrapper.framework; path = HueSDK_iOS.framework; sourceTree = "<group>"; };
		D38780051AE50B29003DCF46 /* PNEditLightVC.m */ = {isa = PBXFileReference; fileEncoding = 4; lastKnownFileType = sourcecode.c.objc; path = PNEditLightVC.m; sourceTree = "<group>"; };
		D38780071AE50B46003DCF46 /* PNEditLightVC.xib */ = {isa = PBXFileReference; fileEncoding = 4; lastKnownFileType = file.xib; path = PNEditLightVC.xib; sourceTree = "<group>"; };
		D38780091AE50B53003DCF46 /* PNEditLightVC.h */ = {isa = PBXFileReference; fileEncoding = 4; lastKnownFileType = sourcecode.c.h; path = PNEditLightVC.h; sourceTree = "<group>"; };
		D387800A1AE51898003DCF46 /* MessageUI.framework */ = {isa = PBXFileReference; lastKnownFileType = wrapper.framework; name = MessageUI.framework; path = System/Library/Frameworks/MessageUI.framework; sourceTree = SDKROOT; };
		D387800C1AE52B88003DCF46 /* Default-568h@2x.png */ = {isa = PBXFileReference; lastKnownFileType = image.png; name = "Default-568h@2x.png"; path = "../../../Desktop/Default-568h@2x.png"; sourceTree = "<group>"; };
		D387800D1AE52B88003DCF46 /* Default@2x.png */ = {isa = PBXFileReference; lastKnownFileType = image.png; name = "Default@2x.png"; path = "../../../Desktop/Default@2x.png"; sourceTree = "<group>"; };
		D387800E1AE52B88003DCF46 /* Default.png */ = {isa = PBXFileReference; lastKnownFileType = image.png; name = Default.png; path = ../../../Desktop/Default.png; sourceTree = "<group>"; };
		D38C16351A68DE96006FE974 /* Photon.app */ = {isa = PBXFileReference; explicitFileType = wrapper.application; includeInIndex = 0; path = Photon.app; sourceTree = BUILT_PRODUCTS_DIR; };
		D38C16391A68DE96006FE974 /* Info.plist */ = {isa = PBXFileReference; lastKnownFileType = text.plist.xml; path = Info.plist; sourceTree = "<group>"; };
		D38C163A1A68DE96006FE974 /* main.m */ = {isa = PBXFileReference; lastKnownFileType = sourcecode.c.objc; path = main.m; sourceTree = "<group>"; };
		D38C163C1A68DE96006FE974 /* PNAppDelegate.h */ = {isa = PBXFileReference; lastKnownFileType = sourcecode.c.h; path = PNAppDelegate.h; sourceTree = "<group>"; };
		D38C163D1A68DE96006FE974 /* PNAppDelegate.m */ = {isa = PBXFileReference; lastKnownFileType = sourcecode.c.objc; path = PNAppDelegate.m; sourceTree = "<group>"; };
		D38C16451A68DE96006FE974 /* Images.xcassets */ = {isa = PBXFileReference; lastKnownFileType = folder.assetcatalog; path = Images.xcassets; sourceTree = "<group>"; };
		D38C16481A68DE96006FE974 /* Base */ = {isa = PBXFileReference; lastKnownFileType = file.xib; name = Base; path = Base.lproj/LaunchScreen.xib; sourceTree = "<group>"; };
		D38C164E1A68DE96006FE974 /* PhotonTests.xctest */ = {isa = PBXFileReference; explicitFileType = wrapper.cfbundle; includeInIndex = 0; path = PhotonTests.xctest; sourceTree = BUILT_PRODUCTS_DIR; };
		D38C16531A68DE96006FE974 /* Info.plist */ = {isa = PBXFileReference; lastKnownFileType = text.plist.xml; path = Info.plist; sourceTree = "<group>"; };
		D38C16541A68DE96006FE974 /* PhotonTests.m */ = {isa = PBXFileReference; lastKnownFileType = sourcecode.c.objc; path = PhotonTests.m; sourceTree = "<group>"; };
		D39094851AFD327100070B37 /* PNWatchLightSettingIC.h */ = {isa = PBXFileReference; fileEncoding = 4; lastKnownFileType = sourcecode.c.h; path = PNWatchLightSettingIC.h; sourceTree = "<group>"; };
		D39094861AFD327100070B37 /* PNWatchLightSettingIC.m */ = {isa = PBXFileReference; fileEncoding = 4; lastKnownFileType = sourcecode.c.objc; path = PNWatchLightSettingIC.m; sourceTree = "<group>"; };
		D39094881AFD36E900070B37 /* PNWatchBrightnessRC.h */ = {isa = PBXFileReference; fileEncoding = 4; lastKnownFileType = sourcecode.c.h; path = PNWatchBrightnessRC.h; sourceTree = "<group>"; };
		D39094891AFD36E900070B37 /* PNWatchBrightnessRC.m */ = {isa = PBXFileReference; fileEncoding = 4; lastKnownFileType = sourcecode.c.objc; path = PNWatchBrightnessRC.m; sourceTree = "<group>"; };
		D3A8936B1AE42B3E00B230E1 /* PNGroupListVC.h */ = {isa = PBXFileReference; fileEncoding = 4; lastKnownFileType = sourcecode.c.h; path = PNGroupListVC.h; sourceTree = "<group>"; };
		D3A8936C1AE42B3E00B230E1 /* PNGroupListVC.m */ = {isa = PBXFileReference; fileEncoding = 4; lastKnownFileType = sourcecode.c.objc; path = PNGroupListVC.m; sourceTree = "<group>"; };
		D3A8936D1AE42B3E00B230E1 /* PNGroupListVC.xib */ = {isa = PBXFileReference; fileEncoding = 4; lastKnownFileType = file.xib; path = PNGroupListVC.xib; sourceTree = "<group>"; };
		D3B90BB11A6F902F0062E355 /* LightGroupView.xib */ = {isa = PBXFileReference; fileEncoding = 4; lastKnownFileType = file.xib; path = LightGroupView.xib; sourceTree = "<group>"; };
		D3BA63291A6B664600095EF7 /* DDAbstractDatabaseLogger.h */ = {isa = PBXFileReference; fileEncoding = 4; lastKnownFileType = sourcecode.c.h; path = DDAbstractDatabaseLogger.h; sourceTree = "<group>"; };
		D3BA632A1A6B664600095EF7 /* DDAbstractDatabaseLogger.m */ = {isa = PBXFileReference; fileEncoding = 4; lastKnownFileType = sourcecode.c.objc; path = DDAbstractDatabaseLogger.m; sourceTree = "<group>"; };
		D3BA632B1A6B664600095EF7 /* DDASLLogger.h */ = {isa = PBXFileReference; fileEncoding = 4; lastKnownFileType = sourcecode.c.h; path = DDASLLogger.h; sourceTree = "<group>"; };
		D3BA632C1A6B664600095EF7 /* DDASLLogger.m */ = {isa = PBXFileReference; fileEncoding = 4; lastKnownFileType = sourcecode.c.objc; path = DDASLLogger.m; sourceTree = "<group>"; };
		D3BA632D1A6B664600095EF7 /* DDFileLogger.h */ = {isa = PBXFileReference; fileEncoding = 4; lastKnownFileType = sourcecode.c.h; path = DDFileLogger.h; sourceTree = "<group>"; };
		D3BA632E1A6B664600095EF7 /* DDFileLogger.m */ = {isa = PBXFileReference; fileEncoding = 4; lastKnownFileType = sourcecode.c.objc; path = DDFileLogger.m; sourceTree = "<group>"; };
		D3BA632F1A6B664600095EF7 /* DDLog.h */ = {isa = PBXFileReference; fileEncoding = 4; lastKnownFileType = sourcecode.c.h; path = DDLog.h; sourceTree = "<group>"; };
		D3BA63301A6B664600095EF7 /* DDLog.m */ = {isa = PBXFileReference; fileEncoding = 4; lastKnownFileType = sourcecode.c.objc; path = DDLog.m; sourceTree = "<group>"; };
		D3BA63311A6B664600095EF7 /* DDTTYLogger.h */ = {isa = PBXFileReference; fileEncoding = 4; lastKnownFileType = sourcecode.c.h; path = DDTTYLogger.h; sourceTree = "<group>"; };
		D3BA63321A6B664600095EF7 /* DDTTYLogger.m */ = {isa = PBXFileReference; fileEncoding = 4; lastKnownFileType = sourcecode.c.objc; path = DDTTYLogger.m; sourceTree = "<group>"; };
		D3BA63341A6B664600095EF7 /* ContextFilterLogFormatter.h */ = {isa = PBXFileReference; fileEncoding = 4; lastKnownFileType = sourcecode.c.h; path = ContextFilterLogFormatter.h; sourceTree = "<group>"; };
		D3BA63351A6B664600095EF7 /* ContextFilterLogFormatter.m */ = {isa = PBXFileReference; fileEncoding = 4; lastKnownFileType = sourcecode.c.objc; path = ContextFilterLogFormatter.m; sourceTree = "<group>"; };
		D3BA63361A6B664600095EF7 /* DispatchQueueLogFormatter.h */ = {isa = PBXFileReference; fileEncoding = 4; lastKnownFileType = sourcecode.c.h; path = DispatchQueueLogFormatter.h; sourceTree = "<group>"; };
		D3BA63371A6B664600095EF7 /* DispatchQueueLogFormatter.m */ = {isa = PBXFileReference; fileEncoding = 4; lastKnownFileType = sourcecode.c.objc; path = DispatchQueueLogFormatter.m; sourceTree = "<group>"; };
		D3BA96741AB9EC0A0026F77A /* libPhotonLightController.a */ = {isa = PBXFileReference; explicitFileType = archive.ar; includeInIndex = 0; path = libPhotonLightController.a; sourceTree = BUILT_PRODUCTS_DIR; };
		D3BA96761AB9EC0A0026F77A /* PhotonLightController.h */ = {isa = PBXFileReference; lastKnownFileType = sourcecode.c.h; path = PhotonLightController.h; sourceTree = "<group>"; };
		D3BA96781AB9EC0A0026F77A /* PhotonLightController.m */ = {isa = PBXFileReference; lastKnownFileType = sourcecode.c.objc; path = PhotonLightController.m; sourceTree = "<group>"; };
		D3BA967E1AB9EC0A0026F77A /* PhotonLightControllerTests.xctest */ = {isa = PBXFileReference; explicitFileType = wrapper.cfbundle; includeInIndex = 0; path = PhotonLightControllerTests.xctest; sourceTree = BUILT_PRODUCTS_DIR; };
		D3BA96841AB9EC0A0026F77A /* Info.plist */ = {isa = PBXFileReference; lastKnownFileType = text.plist.xml; path = Info.plist; sourceTree = "<group>"; };
		D3C33B311A738AD10008EAFA /* PNLightController.h */ = {isa = PBXFileReference; fileEncoding = 4; lastKnownFileType = sourcecode.c.h; path = PNLightController.h; sourceTree = "<group>"; };
		D3C33B321A738AD10008EAFA /* PNLightController.m */ = {isa = PBXFileReference; fileEncoding = 4; lastKnownFileType = sourcecode.c.objc; path = PNLightController.m; sourceTree = "<group>"; };
		D3C487EC1A8088B000ED9EDC /* PNColorView.h */ = {isa = PBXFileReference; fileEncoding = 4; lastKnownFileType = sourcecode.c.h; path = PNColorView.h; sourceTree = "<group>"; };
		D3C487ED1A8088B000ED9EDC /* PNColorView.m */ = {isa = PBXFileReference; fileEncoding = 4; lastKnownFileType = sourcecode.c.objc; path = PNColorView.m; sourceTree = "<group>"; };
		D3C53A151AB964D200D8F6DF /* Photon WatchKit Extension.entitlements */ = {isa = PBXFileReference; lastKnownFileType = text.xml; path = "Photon WatchKit Extension.entitlements"; sourceTree = "<group>"; };
		D3C53A161AB9672000D8F6DF /* Photon.entitlements */ = {isa = PBXFileReference; lastKnownFileType = text.xml; path = Photon.entitlements; sourceTree = "<group>"; };
		D3D4561D1A8B163000219219 /* UIColor+PNUtilities.h */ = {isa = PBXFileReference; fileEncoding = 4; lastKnownFileType = sourcecode.c.h; path = "UIColor+PNUtilities.h"; sourceTree = "<group>"; };
		D3D4561E1A8B163000219219 /* UIColor+PNUtilities.m */ = {isa = PBXFileReference; fileEncoding = 4; lastKnownFileType = sourcecode.c.objc; path = "UIColor+PNUtilities.m"; sourceTree = "<group>"; };
		D3D473441B0B0B8F00BD08E0 /* PNWatchIC.h */ = {isa = PBXFileReference; fileEncoding = 4; lastKnownFileType = sourcecode.c.h; path = PNWatchIC.h; sourceTree = "<group>"; };
		D3D473451B0B0B8F00BD08E0 /* PNWatchIC.m */ = {isa = PBXFileReference; fileEncoding = 4; lastKnownFileType = sourcecode.c.objc; path = PNWatchIC.m; sourceTree = "<group>"; };
		D3D473471B0B0F8400BD08E0 /* PNWatchGlanceIC.h */ = {isa = PBXFileReference; fileEncoding = 4; lastKnownFileType = sourcecode.c.h; path = PNWatchGlanceIC.h; sourceTree = "<group>"; };
		D3D473481B0B0F8400BD08E0 /* PNWatchGlanceIC.m */ = {isa = PBXFileReference; fileEncoding = 4; lastKnownFileType = sourcecode.c.objc; path = PNWatchGlanceIC.m; sourceTree = "<group>"; };
		D3E4C8421AE543A2006509D8 /* Images.xcassets */ = {isa = PBXFileReference; lastKnownFileType = folder.assetcatalog; path = Images.xcassets; sourceTree = "<group>"; };
		D3EC3D3F1AD08C0F00B29301 /* PNBrightnessCell.xib */ = {isa = PBXFileReference; fileEncoding = 4; lastKnownFileType = file.xib; path = PNBrightnessCell.xib; sourceTree = "<group>"; };
		D3EC3D411AD08DB200B29301 /* PNBrightnessCell.h */ = {isa = PBXFileReference; fileEncoding = 4; lastKnownFileType = sourcecode.c.h; path = PNBrightnessCell.h; sourceTree = "<group>"; };
		D3EC3D421AD08DB200B29301 /* PNBrightnessCell.m */ = {isa = PBXFileReference; fileEncoding = 4; lastKnownFileType = sourcecode.c.objc; path = PNBrightnessCell.m; sourceTree = "<group>"; };
		D3EC69D21AABF2EF00DE4C65 /* PNUtilities.h */ = {isa = PBXFileReference; fileEncoding = 4; lastKnownFileType = sourcecode.c.h; path = PNUtilities.h; sourceTree = "<group>"; };
		D3EC69D31AABF2EF00DE4C65 /* PNUtilities.m */ = {isa = PBXFileReference; fileEncoding = 4; lastKnownFileType = sourcecode.c.objc; path = PNUtilities.m; sourceTree = "<group>"; };
		D3ED384E1A7DAD30000CE316 /* ResourceCollectionViewCell.h */ = {isa = PBXFileReference; fileEncoding = 4; lastKnownFileType = sourcecode.c.h; path = ResourceCollectionViewCell.h; sourceTree = "<group>"; };
		D3ED384F1A7DAD30000CE316 /* ResourceCollectionViewCell.m */ = {isa = PBXFileReference; fileEncoding = 4; lastKnownFileType = sourcecode.c.objc; path = ResourceCollectionViewCell.m; sourceTree = "<group>"; };
		D3ED38511A7DBE58000CE316 /* ResourceCollectionViewCell.xib */ = {isa = PBXFileReference; fileEncoding = 4; lastKnownFileType = file.xib; name = ResourceCollectionViewCell.xib; path = ../ResourceCollectionViewCell.xib; sourceTree = "<group>"; };
		D3ED38571A7ED43F000CE316 /* SceneListViewController.h */ = {isa = PBXFileReference; fileEncoding = 4; lastKnownFileType = sourcecode.c.h; path = SceneListViewController.h; sourceTree = "<group>"; };
		D3ED38581A7ED43F000CE316 /* SceneListViewController.m */ = {isa = PBXFileReference; fileEncoding = 4; lastKnownFileType = sourcecode.c.objc; path = SceneListViewController.m; sourceTree = "<group>"; };
		D3ED385C1A7FE2A9000CE316 /* PNColorPickerVC.h */ = {isa = PBXFileReference; fileEncoding = 4; lastKnownFileType = sourcecode.c.h; path = PNColorPickerVC.h; sourceTree = "<group>"; };
		D3ED385D1A7FE2A9000CE316 /* PNColorPickerVC.m */ = {isa = PBXFileReference; fileEncoding = 4; lastKnownFileType = sourcecode.c.objc; path = PNColorPickerVC.m; sourceTree = "<group>"; };
		D3FB694D1A6CF7080068945E /* SetupViewController.h */ = {isa = PBXFileReference; fileEncoding = 4; lastKnownFileType = sourcecode.c.h; path = SetupViewController.h; sourceTree = "<group>"; };
		D3FB694E1A6CF7080068945E /* SetupViewController.m */ = {isa = PBXFileReference; fileEncoding = 4; lastKnownFileType = sourcecode.c.objc; path = SetupViewController.m; sourceTree = "<group>"; };
		D3FB694F1A6CF7080068945E /* SetupViewController.xib */ = {isa = PBXFileReference; fileEncoding = 4; lastKnownFileType = file.xib; path = SetupViewController.xib; sourceTree = "<group>"; };
		D3FB69521A6D0D810068945E /* ResourceViewController.h */ = {isa = PBXFileReference; fileEncoding = 4; lastKnownFileType = sourcecode.c.h; path = ResourceViewController.h; sourceTree = "<group>"; };
		D3FB69531A6D0D810068945E /* ResourceViewController.m */ = {isa = PBXFileReference; fileEncoding = 4; lastKnownFileType = sourcecode.c.objc; path = ResourceViewController.m; sourceTree = "<group>"; };
		D91EC371DD2FE135E0D83759 /* Pods.release.xcconfig */ = {isa = PBXFileReference; includeInIndex = 1; lastKnownFileType = text.xcconfig; name = Pods.release.xcconfig; path = "Pods/Target Support Files/Pods/Pods.release.xcconfig"; sourceTree = "<group>"; };
		DE73545164D92F377CE65494 /* libPods.a */ = {isa = PBXFileReference; explicitFileType = archive.ar; includeInIndex = 0; path = libPods.a; sourceTree = BUILT_PRODUCTS_DIR; };
/* End PBXFileReference section */

/* Begin PBXFrameworksBuildPhase section */
		D344C5371AECB21C002522D0 /* Frameworks */ = {
			isa = PBXFrameworksBuildPhase;
			buildActionMask = 2147483647;
			files = (
			);
			runOnlyForDeploymentPostprocessing = 0;
		};
		D344C5491AECB21C002522D0 /* Frameworks */ = {
			isa = PBXFrameworksBuildPhase;
			buildActionMask = 2147483647;
			files = (
			);
			runOnlyForDeploymentPostprocessing = 0;
		};
		D34FB29D1A71714600DB659E /* Frameworks */ = {
			isa = PBXFrameworksBuildPhase;
			buildActionMask = 2147483647;
			files = (
				D380F1871AE2F04F00D846B9 /* HueSDK_iOS.framework in Frameworks */,
				4EA7DA26D1080F909A71489B /* libPods-Photon WatchKit Extension.a in Frameworks */,
			);
			runOnlyForDeploymentPostprocessing = 0;
		};
		D38C16321A68DE96006FE974 /* Frameworks */ = {
			isa = PBXFrameworksBuildPhase;
			buildActionMask = 2147483647;
			files = (
				D31D54E81B0EFADC00C53F9A /* libPods-Photon-Mixpanel.a in Frameworks */,
				D387800B1AE51898003DCF46 /* MessageUI.framework in Frameworks */,
				D344C55F1AEE152A002522D0 /* Fabric.framework in Frameworks */,
				D380F1861AE2F03F00D846B9 /* HueSDK_iOS.framework in Frameworks */,
				D344C55E1AEE152A002522D0 /* Crashlytics.framework in Frameworks */,
			);
			runOnlyForDeploymentPostprocessing = 0;
		};
		D38C164B1A68DE96006FE974 /* Frameworks */ = {
			isa = PBXFrameworksBuildPhase;
			buildActionMask = 2147483647;
			files = (
			);
			runOnlyForDeploymentPostprocessing = 0;
		};
		D3BA96711AB9EC0A0026F77A /* Frameworks */ = {
			isa = PBXFrameworksBuildPhase;
			buildActionMask = 2147483647;
			files = (
			);
			runOnlyForDeploymentPostprocessing = 0;
		};
		D3BA967B1AB9EC0A0026F77A /* Frameworks */ = {
			isa = PBXFrameworksBuildPhase;
			buildActionMask = 2147483647;
			files = (
				D3BA967F1AB9EC0A0026F77A /* libPhotonLightController.a in Frameworks */,
			);
			runOnlyForDeploymentPostprocessing = 0;
		};
/* End PBXFrameworksBuildPhase section */

/* Begin PBXGroup section */
		49ACB7E6BC37C8E6B5D2B4CB /* Frameworks */ = {
			isa = PBXGroup;
			children = (
				D31D54E71B0EFADC00C53F9A /* libPods-Photon-Mixpanel.a */,
				D31D54E51B0EFA8900C53F9A /* libPods-Photon-Mixpanel.a */,
				D31D54E01B0EEFB500C53F9A /* libPods-Photon.a */,
				D34DAEFA1B07EF85001CF778 /* SystemConfiguration.framework */,
				DE73545164D92F377CE65494 /* libPods.a */,
				71518618920DCD3A394F7099 /* libPods-Photon.a */,
				4E1C73569DDDB048C99B7BFD /* libPods-Photon WatchKit Extension.a */,
			);
			name = Frameworks;
			sourceTree = "<group>";
		};
		D290A354950A7DAA5E6BB112 /* Pods */ = {
			isa = PBXGroup;
			children = (
				7A3FE52FBDAE77747EBA0628 /* Pods.debug.xcconfig */,
				D91EC371DD2FE135E0D83759 /* Pods.release.xcconfig */,
				5A7EEBCB6438DFACE80ED517 /* Pods-Photon.debug.xcconfig */,
				A5FFCB92737127147D863A4D /* Pods-Photon.release.xcconfig */,
				A8E2619878DDD17147702D85 /* Pods-Photon WatchKit Extension.debug.xcconfig */,
				C318FD3CA9F58D71D9F07A18 /* Pods-Photon WatchKit Extension.release.xcconfig */,
			);
			name = Pods;
			sourceTree = "<group>";
		};
		D344C53B1AECB21C002522D0 /* Photon OS X App */ = {
			isa = PBXGroup;
			children = (
				D344C53E1AECB21C002522D0 /* AppDelegate.h */,
				D344C53F1AECB21C002522D0 /* AppDelegate.m */,
				D344C5431AECB21C002522D0 /* Images.xcassets */,
				D344C5451AECB21C002522D0 /* MainMenu.xib */,
				D344C54F1AECB21C002522D0 /* Photon OS X Tests */,
				D344C53C1AECB21C002522D0 /* Supporting Files */,
			);
			name = "Photon OS X App";
			path = "Photon (OS X)";
			sourceTree = "<group>";
		};
		D344C53C1AECB21C002522D0 /* Supporting Files */ = {
			isa = PBXGroup;
			children = (
				D344C53D1AECB21C002522D0 /* Info.plist */,
				D344C5411AECB21C002522D0 /* main.m */,
			);
			name = "Supporting Files";
			sourceTree = "<group>";
		};
		D344C54F1AECB21C002522D0 /* Photon OS X Tests */ = {
			isa = PBXGroup;
			children = (
				D344C5521AECB21C002522D0 /* Photon__OS_X_Tests.m */,
				D344C5501AECB21C002522D0 /* Supporting Files */,
			);
			name = "Photon OS X Tests";
			path = "Photon (OS X)Tests";
			sourceTree = SOURCE_ROOT;
		};
		D344C5501AECB21C002522D0 /* Supporting Files */ = {
			isa = PBXGroup;
			children = (
				D344C5511AECB21C002522D0 /* Info.plist */,
			);
			name = "Supporting Files";
			sourceTree = "<group>";
		};
		D34FB2A11A71714600DB659E /* Photon WatchKit Extension */ = {
			isa = PBXGroup;
			children = (
				D3D473441B0B0B8F00BD08E0 /* PNWatchIC.h */,
				D3D473451B0B0B8F00BD08E0 /* PNWatchIC.m */,
				D34FB2A51A71714600DB659E /* PNWatchResourceIC.h */,
				D34FB2A61A71714600DB659E /* PNWatchResourceIC.m */,
				D39094851AFD327100070B37 /* PNWatchLightSettingIC.h */,
				D39094861AFD327100070B37 /* PNWatchLightSettingIC.m */,
				D3D473471B0B0F8400BD08E0 /* PNWatchGlanceIC.h */,
				D3D473481B0B0F8400BD08E0 /* PNWatchGlanceIC.m */,
				D34FB2A81A71714600DB659E /* NotificationController.h */,
				D34FB2A91A71714600DB659E /* NotificationController.m */,
				D3AAC07A1ABBC9F200E30C71 /* Row Controllers */,
				D34FB2A21A71714600DB659E /* Supporting Files */,
			);
			path = "Photon WatchKit Extension";
			sourceTree = "<group>";
		};
		D34FB2A21A71714600DB659E /* Supporting Files */ = {
			isa = PBXGroup;
			children = (
				D3C53A151AB964D200D8F6DF /* Photon WatchKit Extension.entitlements */,
				D34FB2A31A71714600DB659E /* Info.plist */,
				D34FB2A41A71714600DB659E /* PushNotificationPayload.apns */,
			);
			name = "Supporting Files";
			sourceTree = "<group>";
		};
		D34FB2B31A71714700DB659E /* Photon WatchKit App */ = {
			isa = PBXGroup;
			children = (
				D34FB2B61A71714700DB659E /* Interface.storyboard */,
				D34FB2B41A71714700DB659E /* Supporting Files */,
			);
			path = "Photon WatchKit App";
			sourceTree = "<group>";
		};
		D34FB2B41A71714700DB659E /* Supporting Files */ = {
			isa = PBXGroup;
			children = (
				D3E4C8421AE543A2006509D8 /* Images.xcassets */,
				D34FB2B51A71714700DB659E /* Info.plist */,
			);
			name = "Supporting Files";
			sourceTree = "<group>";
		};
		D38C162C1A68DE96006FE974 = {
			isa = PBXGroup;
			children = (
				D38C16371A68DE96006FE974 /* Photon iOS App */,
				D38C16511A68DE96006FE974 /* PhotonTests */,
				D34FB2A11A71714600DB659E /* Photon WatchKit Extension */,
				D34FB2B31A71714700DB659E /* Photon WatchKit App */,
				D3BA96751AB9EC0A0026F77A /* PhotonLightController */,
				D3BA96821AB9EC0A0026F77A /* PhotonLightControllerTests */,
				D344C53B1AECB21C002522D0 /* Photon OS X App */,
				D38C16361A68DE96006FE974 /* Products */,
				D3BA63281A6B664600095EF7 /* Lumberjack */,
				D290A354950A7DAA5E6BB112 /* Pods */,
				49ACB7E6BC37C8E6B5D2B4CB /* Frameworks */,
				D344C55C1AEE152A002522D0 /* Crashlytics.framework */,
				D344C55D1AEE152A002522D0 /* Fabric.framework */,
				D380F1851AE2F03F00D846B9 /* HueSDK_iOS.framework */,
				D387800A1AE51898003DCF46 /* MessageUI.framework */,
			);
			sourceTree = "<group>";
		};
		D38C16361A68DE96006FE974 /* Products */ = {
			isa = PBXGroup;
			children = (
				D38C16351A68DE96006FE974 /* Photon.app */,
				D38C164E1A68DE96006FE974 /* PhotonTests.xctest */,
				D34FB2A01A71714600DB659E /* Photon WatchKit Extension.appex */,
				D34FB2AF1A71714700DB659E /* Photon WatchKit App.app */,
				D3BA96741AB9EC0A0026F77A /* libPhotonLightController.a */,
				D3BA967E1AB9EC0A0026F77A /* PhotonLightControllerTests.xctest */,
				D344C53A1AECB21C002522D0 /* Photon (OS X).app */,
				D344C54C1AECB21C002522D0 /* Photon (OS X)Tests.xctest */,
			);
			name = Products;
			sourceTree = "<group>";
		};
		D38C16371A68DE96006FE974 /* Photon iOS App */ = {
			isa = PBXGroup;
			children = (
				D38C16471A68DE96006FE974 /* LaunchScreen.xib */,
				D38C163C1A68DE96006FE974 /* PNAppDelegate.h */,
				D38C163D1A68DE96006FE974 /* PNAppDelegate.m */,
				D3C33B311A738AD10008EAFA /* PNLightController.h */,
				D3C33B321A738AD10008EAFA /* PNLightController.m */,
				D3AAC0791ABBC53000E30C71 /* Views */,
				D3AAC0781ABBC52600E30C71 /* View Controllers */,
				D3EC69D21AABF2EF00DE4C65 /* PNUtilities.h */,
				D3EC69D31AABF2EF00DE4C65 /* PNUtilities.m */,
				D3D4561D1A8B163000219219 /* UIColor+PNUtilities.h */,
				D3D4561E1A8B163000219219 /* UIColor+PNUtilities.m */,
				D38C16451A68DE96006FE974 /* Images.xcassets */,
				D38C16381A68DE96006FE974 /* Supporting Files */,
			);
			name = "Photon iOS App";
			path = Photon;
			sourceTree = "<group>";
		};
		D38C16381A68DE96006FE974 /* Supporting Files */ = {
			isa = PBXGroup;
			children = (
				D387800C1AE52B88003DCF46 /* Default-568h@2x.png */,
				D387800D1AE52B88003DCF46 /* Default@2x.png */,
				D387800E1AE52B88003DCF46 /* Default.png */,
				D3C53A161AB9672000D8F6DF /* Photon.entitlements */,
				D38C16391A68DE96006FE974 /* Info.plist */,
				D38C163A1A68DE96006FE974 /* main.m */,
			);
			name = "Supporting Files";
			sourceTree = "<group>";
		};
		D38C16511A68DE96006FE974 /* PhotonTests */ = {
			isa = PBXGroup;
			children = (
				D38C16541A68DE96006FE974 /* PhotonTests.m */,
				D38C16521A68DE96006FE974 /* Supporting Files */,
			);
			path = PhotonTests;
			sourceTree = "<group>";
		};
		D38C16521A68DE96006FE974 /* Supporting Files */ = {
			isa = PBXGroup;
			children = (
				D38C16531A68DE96006FE974 /* Info.plist */,
			);
			name = "Supporting Files";
			sourceTree = "<group>";
		};
		D3AAC0781ABBC52600E30C71 /* View Controllers */ = {
			isa = PBXGroup;
			children = (
				D36AAE601AACED8200EE0C2A /* PNBrightnessPickerVC.h */,
				D36AAE611AACED8200EE0C2A /* PNBrightnessPickerVC.m */,
				D3ED385C1A7FE2A9000CE316 /* PNColorPickerVC.h */,
				D3ED385D1A7FE2A9000CE316 /* PNColorPickerVC.m */,
				D3ED38571A7ED43F000CE316 /* SceneListViewController.h */,
				D3ED38581A7ED43F000CE316 /* SceneListViewController.m */,
				D3FB69521A6D0D810068945E /* ResourceViewController.h */,
				D3FB69531A6D0D810068945E /* ResourceViewController.m */,
				D3FB694D1A6CF7080068945E /* SetupViewController.h */,
				D3FB694E1A6CF7080068945E /* SetupViewController.m */,
				D3A8936B1AE42B3E00B230E1 /* PNGroupListVC.h */,
				D3A8936C1AE42B3E00B230E1 /* PNGroupListVC.m */,
				D37BE56B1AE4302A006D4605 /* PNEditGroupVC.h */,
				D37BE56C1AE4302A006D4605 /* PNEditGroupVC.m */,
				D38780091AE50B53003DCF46 /* PNEditLightVC.h */,
				D38780051AE50B29003DCF46 /* PNEditLightVC.m */,
				D30358751AE4CDAE00D929DC /* PNSettingsVC.h */,
				D30358761AE4CDAE00D929DC /* PNSettingsVC.m */,
			);
			name = "View Controllers";
			sourceTree = "<group>";
		};
		D3AAC0791ABBC53000E30C71 /* Views */ = {
			isa = PBXGroup;
			children = (
				D3B90BB11A6F902F0062E355 /* LightGroupView.xib */,
				D3779F121A78B483008B817A /* ResourceCollectionHeaderReusableView.xib */,
				D3ED38511A7DBE58000CE316 /* ResourceCollectionViewCell.xib */,
				D3FB694F1A6CF7080068945E /* SetupViewController.xib */,
				D3180F3E1AD23757007D95D8 /* PNBrightnessPickerVC.xib */,
				D30358771AE4CDAE00D929DC /* PNSettingsVC.xib */,
				D3A8936D1AE42B3E00B230E1 /* PNGroupListVC.xib */,
				D37BE56D1AE4302A006D4605 /* PNEditGroupVC.xib */,
				D38780071AE50B46003DCF46 /* PNEditLightVC.xib */,
				D3EC3D3F1AD08C0F00B29301 /* PNBrightnessCell.xib */,
				D322AA0C1A6E0D7B00D7DC05 /* HueBridgeView.h */,
				D322AA0D1A6E0D7B00D7DC05 /* HueBridgeView.m */,
				D3ED384E1A7DAD30000CE316 /* ResourceCollectionViewCell.h */,
				D3ED384F1A7DAD30000CE316 /* ResourceCollectionViewCell.m */,
				D3C487EC1A8088B000ED9EDC /* PNColorView.h */,
				D3C487ED1A8088B000ED9EDC /* PNColorView.m */,
				D3EC3D411AD08DB200B29301 /* PNBrightnessCell.h */,
				D3EC3D421AD08DB200B29301 /* PNBrightnessCell.m */,
			);
			name = Views;
			sourceTree = "<group>";
		};
		D3AAC07A1ABBC9F200E30C71 /* Row Controllers */ = {
			isa = PBXGroup;
			children = (
				D31C3BE31A722834006D2678 /* ResourceRowController.h */,
				D31C3BE41A722834006D2678 /* ResourceRowController.m */,
				D39094881AFD36E900070B37 /* PNWatchBrightnessRC.h */,
				D39094891AFD36E900070B37 /* PNWatchBrightnessRC.m */,
			);
			name = "Row Controllers";
			sourceTree = "<group>";
		};
		D3BA63281A6B664600095EF7 /* Lumberjack */ = {
			isa = PBXGroup;
			children = (
				D3BA63291A6B664600095EF7 /* DDAbstractDatabaseLogger.h */,
				D3BA632A1A6B664600095EF7 /* DDAbstractDatabaseLogger.m */,
				D3BA632B1A6B664600095EF7 /* DDASLLogger.h */,
				D3BA632C1A6B664600095EF7 /* DDASLLogger.m */,
				D3BA632D1A6B664600095EF7 /* DDFileLogger.h */,
				D3BA632E1A6B664600095EF7 /* DDFileLogger.m */,
				D3BA632F1A6B664600095EF7 /* DDLog.h */,
				D3BA63301A6B664600095EF7 /* DDLog.m */,
				D3BA63311A6B664600095EF7 /* DDTTYLogger.h */,
				D3BA63321A6B664600095EF7 /* DDTTYLogger.m */,
				D3BA63331A6B664600095EF7 /* Extensions */,
			);
			path = Lumberjack;
			sourceTree = "<group>";
		};
		D3BA63331A6B664600095EF7 /* Extensions */ = {
			isa = PBXGroup;
			children = (
				D3BA63341A6B664600095EF7 /* ContextFilterLogFormatter.h */,
				D3BA63351A6B664600095EF7 /* ContextFilterLogFormatter.m */,
				D3BA63361A6B664600095EF7 /* DispatchQueueLogFormatter.h */,
				D3BA63371A6B664600095EF7 /* DispatchQueueLogFormatter.m */,
			);
			path = Extensions;
			sourceTree = "<group>";
		};
		D3BA96751AB9EC0A0026F77A /* PhotonLightController */ = {
			isa = PBXGroup;
			children = (
				D3BA96761AB9EC0A0026F77A /* PhotonLightController.h */,
				D3BA96781AB9EC0A0026F77A /* PhotonLightController.m */,
			);
			path = PhotonLightController;
			sourceTree = "<group>";
		};
		D3BA96821AB9EC0A0026F77A /* PhotonLightControllerTests */ = {
			isa = PBXGroup;
			children = (
				D3BA96831AB9EC0A0026F77A /* Supporting Files */,
			);
			path = PhotonLightControllerTests;
			sourceTree = "<group>";
		};
		D3BA96831AB9EC0A0026F77A /* Supporting Files */ = {
			isa = PBXGroup;
			children = (
				D3BA96841AB9EC0A0026F77A /* Info.plist */,
			);
			name = "Supporting Files";
			sourceTree = "<group>";
		};
/* End PBXGroup section */

/* Begin PBXNativeTarget section */
		D344C5391AECB21C002522D0 /* Photon (OS X) */ = {
			isa = PBXNativeTarget;
			buildConfigurationList = D344C5581AECB21C002522D0 /* Build configuration list for PBXNativeTarget "Photon (OS X)" */;
			buildPhases = (
				D344C5361AECB21C002522D0 /* Sources */,
				D344C5371AECB21C002522D0 /* Frameworks */,
				D344C5381AECB21C002522D0 /* Resources */,
			);
			buildRules = (
			);
			dependencies = (
			);
			name = "Photon (OS X)";
			productName = "Photon (OS X)";
			productReference = D344C53A1AECB21C002522D0 /* Photon (OS X).app */;
			productType = "com.apple.product-type.application";
		};
		D344C54B1AECB21C002522D0 /* Photon (OS X)Tests */ = {
			isa = PBXNativeTarget;
			buildConfigurationList = D344C5591AECB21C002522D0 /* Build configuration list for PBXNativeTarget "Photon (OS X)Tests" */;
			buildPhases = (
				D344C5481AECB21C002522D0 /* Sources */,
				D344C5491AECB21C002522D0 /* Frameworks */,
				D344C54A1AECB21C002522D0 /* Resources */,
			);
			buildRules = (
			);
			dependencies = (
				D344C54E1AECB21C002522D0 /* PBXTargetDependency */,
			);
			name = "Photon (OS X)Tests";
			productName = "Photon (OS X)Tests";
			productReference = D344C54C1AECB21C002522D0 /* Photon (OS X)Tests.xctest */;
			productType = "com.apple.product-type.bundle.unit-test";
		};
		D34FB29F1A71714600DB659E /* Photon WatchKit Extension */ = {
			isa = PBXNativeTarget;
			buildConfigurationList = D34FB2C11A71714700DB659E /* Build configuration list for PBXNativeTarget "Photon WatchKit Extension" */;
			buildPhases = (
				F18BC5B608A6A82D6030B751 /* Check Pods Manifest.lock */,
				D34FB29C1A71714600DB659E /* Sources */,
				D34FB29D1A71714600DB659E /* Frameworks */,
				D34FB29E1A71714600DB659E /* Resources */,
				CC8E6EDCBF9F932903E16D13 /* Copy Pods Resources */,
			);
			buildRules = (
			);
			dependencies = (
				D34FB2B21A71714700DB659E /* PBXTargetDependency */,
			);
			name = "Photon WatchKit Extension";
			productName = "Photon WatchKit Extension";
			productReference = D34FB2A01A71714600DB659E /* Photon WatchKit Extension.appex */;
			productType = "com.apple.product-type.watchkit-extension";
		};
		D34FB2AE1A71714700DB659E /* Photon WatchKit App */ = {
			isa = PBXNativeTarget;
			buildConfigurationList = D34FB2BE1A71714700DB659E /* Build configuration list for PBXNativeTarget "Photon WatchKit App" */;
			buildPhases = (
				D34FB2AD1A71714700DB659E /* Resources */,
			);
			buildRules = (
			);
			dependencies = (
			);
			name = "Photon WatchKit App";
			productName = "Photon WatchKit App";
			productReference = D34FB2AF1A71714700DB659E /* Photon WatchKit App.app */;
			productType = "com.apple.product-type.application.watchapp";
		};
		D38C16341A68DE96006FE974 /* Photon */ = {
			isa = PBXNativeTarget;
			buildConfigurationList = D38C16581A68DE96006FE974 /* Build configuration list for PBXNativeTarget "Photon" */;
			buildPhases = (
				3E29AEADF4CA5421D8848D42 /* Check Pods Manifest.lock */,
				D38C16311A68DE96006FE974 /* Sources */,
				D38C16321A68DE96006FE974 /* Frameworks */,
				D38C16331A68DE96006FE974 /* Resources */,
				D34FB24B1A70F56F00DB659E /* Embed App Extensions */,
				F39397C658B572E70615BB40 /* Copy Pods Resources */,
				D344C55B1AEE14F8002522D0 /* ShellScript */,
			);
			buildRules = (
			);
			dependencies = (
				D34FB2BC1A71714700DB659E /* PBXTargetDependency */,
			);
			name = Photon;
			productName = Photon;
			productReference = D38C16351A68DE96006FE974 /* Photon.app */;
			productType = "com.apple.product-type.application";
		};
		D38C164D1A68DE96006FE974 /* PhotonTests */ = {
			isa = PBXNativeTarget;
			buildConfigurationList = D38C165B1A68DE96006FE974 /* Build configuration list for PBXNativeTarget "PhotonTests" */;
			buildPhases = (
				D38C164A1A68DE96006FE974 /* Sources */,
				D38C164B1A68DE96006FE974 /* Frameworks */,
				D38C164C1A68DE96006FE974 /* Resources */,
			);
			buildRules = (
			);
			dependencies = (
				D38C16501A68DE96006FE974 /* PBXTargetDependency */,
			);
			name = PhotonTests;
			productName = PhotonTests;
			productReference = D38C164E1A68DE96006FE974 /* PhotonTests.xctest */;
			productType = "com.apple.product-type.bundle.unit-test";
		};
		D3BA96731AB9EC0A0026F77A /* PhotonLightController */ = {
			isa = PBXNativeTarget;
			buildConfigurationList = D3BA96851AB9EC0A0026F77A /* Build configuration list for PBXNativeTarget "PhotonLightController" */;
			buildPhases = (
				D3BA96701AB9EC0A0026F77A /* Sources */,
				D3BA96711AB9EC0A0026F77A /* Frameworks */,
				D3BA96721AB9EC0A0026F77A /* CopyFiles */,
			);
			buildRules = (
			);
			dependencies = (
			);
			name = PhotonLightController;
			productName = PhotonLightController;
			productReference = D3BA96741AB9EC0A0026F77A /* libPhotonLightController.a */;
			productType = "com.apple.product-type.library.static";
		};
		D3BA967D1AB9EC0A0026F77A /* PhotonLightControllerTests */ = {
			isa = PBXNativeTarget;
			buildConfigurationList = D3BA96881AB9EC0A0026F77A /* Build configuration list for PBXNativeTarget "PhotonLightControllerTests" */;
			buildPhases = (
				D3BA967A1AB9EC0A0026F77A /* Sources */,
				D3BA967B1AB9EC0A0026F77A /* Frameworks */,
				D3BA967C1AB9EC0A0026F77A /* Resources */,
			);
			buildRules = (
			);
			dependencies = (
				D3BA96811AB9EC0A0026F77A /* PBXTargetDependency */,
			);
			name = PhotonLightControllerTests;
			productName = PhotonLightControllerTests;
			productReference = D3BA967E1AB9EC0A0026F77A /* PhotonLightControllerTests.xctest */;
			productType = "com.apple.product-type.bundle.unit-test";
		};
/* End PBXNativeTarget section */

/* Begin PBXProject section */
		D38C162D1A68DE96006FE974 /* Project object */ = {
			isa = PBXProject;
			attributes = {
				LastUpgradeCheck = 0610;
				ORGANIZATIONNAME = phil;
				TargetAttributes = {
					D344C5391AECB21C002522D0 = {
						CreatedOnToolsVersion = 6.3.1;
					};
					D344C54B1AECB21C002522D0 = {
						CreatedOnToolsVersion = 6.3.1;
						TestTargetID = D344C5391AECB21C002522D0;
					};
					D34FB29F1A71714600DB659E = {
						CreatedOnToolsVersion = 6.2;
						DevelopmentTeam = V9RH239UZW;
						SystemCapabilities = {
							com.apple.ApplicationGroups.iOS = {
								enabled = 1;
							};
						};
					};
					D34FB2AE1A71714700DB659E = {
						CreatedOnToolsVersion = 6.2;
						DevelopmentTeam = V9RH239UZW;
					};
					D38C16341A68DE96006FE974 = {
						CreatedOnToolsVersion = 6.1;
						DevelopmentTeam = V9RH239UZW;
						SystemCapabilities = {
							com.apple.ApplicationGroups.iOS = {
								enabled = 1;
							};
						};
					};
					D38C164D1A68DE96006FE974 = {
						CreatedOnToolsVersion = 6.1;
						TestTargetID = D38C16341A68DE96006FE974;
					};
					D3BA96731AB9EC0A0026F77A = {
						CreatedOnToolsVersion = 6.2;
					};
					D3BA967D1AB9EC0A0026F77A = {
						CreatedOnToolsVersion = 6.2;
					};
				};
			};
			buildConfigurationList = D38C16301A68DE96006FE974 /* Build configuration list for PBXProject "Photon" */;
			compatibilityVersion = "Xcode 3.2";
			developmentRegion = English;
			hasScannedForEncodings = 0;
			knownRegions = (
				en,
				Base,
			);
			mainGroup = D38C162C1A68DE96006FE974;
			productRefGroup = D38C16361A68DE96006FE974 /* Products */;
			projectDirPath = "";
			projectRoot = "";
			targets = (
				D38C16341A68DE96006FE974 /* Photon */,
				D38C164D1A68DE96006FE974 /* PhotonTests */,
				D34FB29F1A71714600DB659E /* Photon WatchKit Extension */,
				D34FB2AE1A71714700DB659E /* Photon WatchKit App */,
				D3BA96731AB9EC0A0026F77A /* PhotonLightController */,
				D3BA967D1AB9EC0A0026F77A /* PhotonLightControllerTests */,
				D344C5391AECB21C002522D0 /* Photon (OS X) */,
				D344C54B1AECB21C002522D0 /* Photon (OS X)Tests */,
			);
		};
/* End PBXProject section */

/* Begin PBXResourcesBuildPhase section */
		D344C5381AECB21C002522D0 /* Resources */ = {
			isa = PBXResourcesBuildPhase;
			buildActionMask = 2147483647;
			files = (
				D344C5441AECB21C002522D0 /* Images.xcassets in Resources */,
				D344C5471AECB21C002522D0 /* MainMenu.xib in Resources */,
			);
			runOnlyForDeploymentPostprocessing = 0;
		};
		D344C54A1AECB21C002522D0 /* Resources */ = {
			isa = PBXResourcesBuildPhase;
			buildActionMask = 2147483647;
			files = (
			);
			runOnlyForDeploymentPostprocessing = 0;
		};
		D34FB29E1A71714600DB659E /* Resources */ = {
			isa = PBXResourcesBuildPhase;
			buildActionMask = 2147483647;
			files = (
				D34FB2B01A71714700DB659E /* Photon WatchKit App.app in Resources */,
			);
			runOnlyForDeploymentPostprocessing = 0;
		};
		D34FB2AD1A71714700DB659E /* Resources */ = {
			isa = PBXResourcesBuildPhase;
			buildActionMask = 2147483647;
			files = (
				D34FB2B81A71714700DB659E /* Interface.storyboard in Resources */,
				D3E4C8431AE543A2006509D8 /* Images.xcassets in Resources */,
			);
			runOnlyForDeploymentPostprocessing = 0;
		};
		D38C16331A68DE96006FE974 /* Resources */ = {
			isa = PBXResourcesBuildPhase;
			buildActionMask = 2147483647;
			files = (
				D3B90BB21A6F902F0062E355 /* LightGroupView.xib in Resources */,
				D30358791AE4CDAE00D929DC /* PNSettingsVC.xib in Resources */,
				D3A8936F1AE42B3E00B230E1 /* PNGroupListVC.xib in Resources */,
				D38780081AE50B46003DCF46 /* PNEditLightVC.xib in Resources */,
				D38780111AE52B88003DCF46 /* Default.png in Resources */,
				D37BE56F1AE4302A006D4605 /* PNEditGroupVC.xib in Resources */,
				D3FB69511A6CF7080068945E /* SetupViewController.xib in Resources */,
				D38C16491A68DE96006FE974 /* LaunchScreen.xib in Resources */,
				D38C16461A68DE96006FE974 /* Images.xcassets in Resources */,
				D3ED38521A7DBE58000CE316 /* ResourceCollectionViewCell.xib in Resources */,
				D387800F1AE52B88003DCF46 /* Default-568h@2x.png in Resources */,
				D3EC3D401AD08C0F00B29301 /* PNBrightnessCell.xib in Resources */,
				D3779F131A78B483008B817A /* ResourceCollectionHeaderReusableView.xib in Resources */,
				D38780101AE52B88003DCF46 /* Default@2x.png in Resources */,
				D3180F3F1AD23757007D95D8 /* PNBrightnessPickerVC.xib in Resources */,
			);
			runOnlyForDeploymentPostprocessing = 0;
		};
		D38C164C1A68DE96006FE974 /* Resources */ = {
			isa = PBXResourcesBuildPhase;
			buildActionMask = 2147483647;
			files = (
			);
			runOnlyForDeploymentPostprocessing = 0;
		};
		D3BA967C1AB9EC0A0026F77A /* Resources */ = {
			isa = PBXResourcesBuildPhase;
			buildActionMask = 2147483647;
			files = (
			);
			runOnlyForDeploymentPostprocessing = 0;
		};
/* End PBXResourcesBuildPhase section */

/* Begin PBXShellScriptBuildPhase section */
		3E29AEADF4CA5421D8848D42 /* Check Pods Manifest.lock */ = {
			isa = PBXShellScriptBuildPhase;
			buildActionMask = 2147483647;
			files = (
			);
			inputPaths = (
			);
			name = "Check Pods Manifest.lock";
			outputPaths = (
			);
			runOnlyForDeploymentPostprocessing = 0;
			shellPath = /bin/sh;
			shellScript = "diff \"${PODS_ROOT}/../Podfile.lock\" \"${PODS_ROOT}/Manifest.lock\" > /dev/null\nif [[ $? != 0 ]] ; then\n    cat << EOM\nerror: The sandbox is not in sync with the Podfile.lock. Run 'pod install' or update your CocoaPods installation.\nEOM\n    exit 1\nfi\n";
			showEnvVarsInLog = 0;
		};
		CC8E6EDCBF9F932903E16D13 /* Copy Pods Resources */ = {
			isa = PBXShellScriptBuildPhase;
			buildActionMask = 2147483647;
			files = (
			);
			inputPaths = (
			);
			name = "Copy Pods Resources";
			outputPaths = (
			);
			runOnlyForDeploymentPostprocessing = 0;
			shellPath = /bin/sh;
			shellScript = "\"${SRCROOT}/Pods/Target Support Files/Pods-Photon WatchKit Extension/Pods-Photon WatchKit Extension-resources.sh\"\n";
			showEnvVarsInLog = 0;
		};
		D344C55B1AEE14F8002522D0 /* ShellScript */ = {
			isa = PBXShellScriptBuildPhase;
			buildActionMask = 2147483647;
			files = (
			);
			inputPaths = (
			);
			outputPaths = (
			);
			runOnlyForDeploymentPostprocessing = 0;
			shellPath = /bin/sh;
			shellScript = "./Fabric.framework/run 0fc1afd63ddc37177b5fb943fad7a8cb15dff382 aa8302b2d2bc544764e25306c4eb9f6685006e8d9fd4ef72fdda6d7548ee7796";
		};
		F18BC5B608A6A82D6030B751 /* Check Pods Manifest.lock */ = {
			isa = PBXShellScriptBuildPhase;
			buildActionMask = 2147483647;
			files = (
			);
			inputPaths = (
			);
			name = "Check Pods Manifest.lock";
			outputPaths = (
			);
			runOnlyForDeploymentPostprocessing = 0;
			shellPath = /bin/sh;
			shellScript = "diff \"${PODS_ROOT}/../Podfile.lock\" \"${PODS_ROOT}/Manifest.lock\" > /dev/null\nif [[ $? != 0 ]] ; then\n    cat << EOM\nerror: The sandbox is not in sync with the Podfile.lock. Run 'pod install' or update your CocoaPods installation.\nEOM\n    exit 1\nfi\n";
			showEnvVarsInLog = 0;
		};
		F39397C658B572E70615BB40 /* Copy Pods Resources */ = {
			isa = PBXShellScriptBuildPhase;
			buildActionMask = 2147483647;
			files = (
			);
			inputPaths = (
			);
			name = "Copy Pods Resources";
			outputPaths = (
			);
			runOnlyForDeploymentPostprocessing = 0;
			shellPath = /bin/sh;
			shellScript = "\"${SRCROOT}/Pods/Target Support Files/Pods-Photon/Pods-Photon-resources.sh\"\n";
			showEnvVarsInLog = 0;
		};
/* End PBXShellScriptBuildPhase section */

/* Begin PBXSourcesBuildPhase section */
		D344C5361AECB21C002522D0 /* Sources */ = {
			isa = PBXSourcesBuildPhase;
			buildActionMask = 2147483647;
			files = (
				D344C5421AECB21C002522D0 /* main.m in Sources */,
				D344C5401AECB21C002522D0 /* AppDelegate.m in Sources */,
			);
			runOnlyForDeploymentPostprocessing = 0;
		};
		D344C5481AECB21C002522D0 /* Sources */ = {
			isa = PBXSourcesBuildPhase;
			buildActionMask = 2147483647;
			files = (
				D344C5531AECB21C002522D0 /* Photon__OS_X_Tests.m in Sources */,
			);
			runOnlyForDeploymentPostprocessing = 0;
		};
		D34FB29C1A71714600DB659E /* Sources */ = {
			isa = PBXSourcesBuildPhase;
			buildActionMask = 2147483647;
			files = (
				D3D473461B0B0B8F00BD08E0 /* PNWatchIC.m in Sources */,
				D39A902F1AB9DC92003E0760 /* UIColor+PNUtilities.m in Sources */,
				D3C53A171AB9826A00D8F6DF /* DDTTYLogger.m in Sources */,
				D3EC69D51AABF35400DE4C65 /* PNUtilities.m in Sources */,
				D3DF823E1A74264C001AD7DB /* DDLog.m in Sources */,
				D39094871AFD327100070B37 /* PNWatchLightSettingIC.m in Sources */,
				D390948A1AFD36E900070B37 /* PNWatchBrightnessRC.m in Sources */,
				D3D473491B0B0F8400BD08E0 /* PNWatchGlanceIC.m in Sources */,
				D3DF823C1A7425B1001AD7DB /* PNLightController.m in Sources */,
				D34FB2AA1A71714600DB659E /* NotificationController.m in Sources */,
				D31C3BE51A722834006D2678 /* ResourceRowController.m in Sources */,
				D34FB2A71A71714600DB659E /* PNWatchResourceIC.m in Sources */,
			);
			runOnlyForDeploymentPostprocessing = 0;
		};
		D38C16311A68DE96006FE974 /* Sources */ = {
			isa = PBXSourcesBuildPhase;
			buildActionMask = 2147483647;
			files = (
				D3D4561F1A8B163000219219 /* UIColor+PNUtilities.m in Sources */,
				D38780061AE50B29003DCF46 /* PNEditLightVC.m in Sources */,
				D38C163E1A68DE96006FE974 /* PNAppDelegate.m in Sources */,
				D3BA63391A6B664600095EF7 /* DDASLLogger.m in Sources */,
				D3EC3D431AD08DB200B29301 /* PNBrightnessCell.m in Sources */,
				D3FB69501A6CF7080068945E /* SetupViewController.m in Sources */,
				D37BE56E1AE4302A006D4605 /* PNEditGroupVC.m in Sources */,
				D322AA0E1A6E0D7B00D7DC05 /* HueBridgeView.m in Sources */,
				D3ED38591A7ED43F000CE316 /* SceneListViewController.m in Sources */,
				D36AAE621AACED8200EE0C2A /* PNBrightnessPickerVC.m in Sources */,
				D30358781AE4CDAE00D929DC /* PNSettingsVC.m in Sources */,
				D3BA633D1A6B664600095EF7 /* ContextFilterLogFormatter.m in Sources */,
				D3BA633C1A6B664600095EF7 /* DDTTYLogger.m in Sources */,
				D3A8936E1AE42B3E00B230E1 /* PNGroupListVC.m in Sources */,
				D3ED38501A7DAD30000CE316 /* ResourceCollectionViewCell.m in Sources */,
				D3FB69551A6D0D810068945E /* ResourceViewController.m in Sources */,
				D3BA633A1A6B664600095EF7 /* DDFileLogger.m in Sources */,
				D3ED385E1A7FE2A9000CE316 /* PNColorPickerVC.m in Sources */,
				D3BA633B1A6B664600095EF7 /* DDLog.m in Sources */,
				D38C163B1A68DE96006FE974 /* main.m in Sources */,
				D3EC69D41AABF2EF00DE4C65 /* PNUtilities.m in Sources */,
				D3BA633E1A6B664600095EF7 /* DispatchQueueLogFormatter.m in Sources */,
				D3BA63381A6B664600095EF7 /* DDAbstractDatabaseLogger.m in Sources */,
				D3C487EE1A8088B000ED9EDC /* PNColorView.m in Sources */,
				D3C33B331A738AD10008EAFA /* PNLightController.m in Sources */,
			);
			runOnlyForDeploymentPostprocessing = 0;
		};
		D38C164A1A68DE96006FE974 /* Sources */ = {
			isa = PBXSourcesBuildPhase;
			buildActionMask = 2147483647;
			files = (
				D38C16551A68DE96006FE974 /* PhotonTests.m in Sources */,
			);
			runOnlyForDeploymentPostprocessing = 0;
		};
		D3BA96701AB9EC0A0026F77A /* Sources */ = {
			isa = PBXSourcesBuildPhase;
			buildActionMask = 2147483647;
			files = (
				D3BA96791AB9EC0A0026F77A /* PhotonLightController.m in Sources */,
			);
			runOnlyForDeploymentPostprocessing = 0;
		};
		D3BA967A1AB9EC0A0026F77A /* Sources */ = {
			isa = PBXSourcesBuildPhase;
			buildActionMask = 2147483647;
			files = (
			);
			runOnlyForDeploymentPostprocessing = 0;
		};
/* End PBXSourcesBuildPhase section */

/* Begin PBXTargetDependency section */
		D344C54E1AECB21C002522D0 /* PBXTargetDependency */ = {
			isa = PBXTargetDependency;
			target = D344C5391AECB21C002522D0 /* Photon (OS X) */;
			targetProxy = D344C54D1AECB21C002522D0 /* PBXContainerItemProxy */;
		};
		D34FB2B21A71714700DB659E /* PBXTargetDependency */ = {
			isa = PBXTargetDependency;
			target = D34FB2AE1A71714700DB659E /* Photon WatchKit App */;
			targetProxy = D34FB2B11A71714700DB659E /* PBXContainerItemProxy */;
		};
		D34FB2BC1A71714700DB659E /* PBXTargetDependency */ = {
			isa = PBXTargetDependency;
			target = D34FB29F1A71714600DB659E /* Photon WatchKit Extension */;
			targetProxy = D34FB2BB1A71714700DB659E /* PBXContainerItemProxy */;
		};
		D38C16501A68DE96006FE974 /* PBXTargetDependency */ = {
			isa = PBXTargetDependency;
			target = D38C16341A68DE96006FE974 /* Photon */;
			targetProxy = D38C164F1A68DE96006FE974 /* PBXContainerItemProxy */;
		};
		D3BA96811AB9EC0A0026F77A /* PBXTargetDependency */ = {
			isa = PBXTargetDependency;
			target = D3BA96731AB9EC0A0026F77A /* PhotonLightController */;
			targetProxy = D3BA96801AB9EC0A0026F77A /* PBXContainerItemProxy */;
		};
/* End PBXTargetDependency section */

/* Begin PBXVariantGroup section */
		D344C5451AECB21C002522D0 /* MainMenu.xib */ = {
			isa = PBXVariantGroup;
			children = (
				D344C5461AECB21C002522D0 /* Base */,
			);
			name = MainMenu.xib;
			sourceTree = "<group>";
		};
		D34FB2B61A71714700DB659E /* Interface.storyboard */ = {
			isa = PBXVariantGroup;
			children = (
				D34FB2B71A71714700DB659E /* Base */,
			);
			name = Interface.storyboard;
			sourceTree = "<group>";
		};
		D38C16471A68DE96006FE974 /* LaunchScreen.xib */ = {
			isa = PBXVariantGroup;
			children = (
				D38C16481A68DE96006FE974 /* Base */,
			);
			name = LaunchScreen.xib;
			sourceTree = "<group>";
		};
/* End PBXVariantGroup section */

/* Begin XCBuildConfiguration section */
		D344C5541AECB21C002522D0 /* Debug */ = {
			isa = XCBuildConfiguration;
			buildSettings = {
				ASSETCATALOG_COMPILER_APPICON_NAME = AppIcon;
				CODE_SIGN_IDENTITY = "-";
				COMBINE_HIDPI_IMAGES = YES;
				DEBUG_INFORMATION_FORMAT = dwarf;
				GCC_NO_COMMON_BLOCKS = YES;
				GCC_PREPROCESSOR_DEFINITIONS = (
					"DEBUG=1",
					"$(inherited)",
				);
				INFOPLIST_FILE = "Photon (OS X)/Info.plist";
				LD_RUNPATH_SEARCH_PATHS = "$(inherited) @executable_path/../Frameworks";
				MACOSX_DEPLOYMENT_TARGET = 10.10;
				PRODUCT_NAME = "$(TARGET_NAME)";
				SDKROOT = macosx;
			};
			name = Debug;
		};
		D344C5551AECB21C002522D0 /* Release */ = {
			isa = XCBuildConfiguration;
			buildSettings = {
				ASSETCATALOG_COMPILER_APPICON_NAME = AppIcon;
				CODE_SIGN_IDENTITY = "-";
				COMBINE_HIDPI_IMAGES = YES;
				COPY_PHASE_STRIP = NO;
				DEBUG_INFORMATION_FORMAT = "dwarf-with-dsym";
				GCC_NO_COMMON_BLOCKS = YES;
				INFOPLIST_FILE = "Photon (OS X)/Info.plist";
				LD_RUNPATH_SEARCH_PATHS = "$(inherited) @executable_path/../Frameworks";
				MACOSX_DEPLOYMENT_TARGET = 10.10;
				PRODUCT_NAME = "$(TARGET_NAME)";
				SDKROOT = macosx;
			};
			name = Release;
		};
		D344C5561AECB21C002522D0 /* Debug */ = {
			isa = XCBuildConfiguration;
			buildSettings = {
				BUNDLE_LOADER = "$(TEST_HOST)";
				COMBINE_HIDPI_IMAGES = YES;
				DEBUG_INFORMATION_FORMAT = dwarf;
				FRAMEWORK_SEARCH_PATHS = (
					"$(DEVELOPER_FRAMEWORKS_DIR)",
					"$(inherited)",
				);
				GCC_NO_COMMON_BLOCKS = YES;
				GCC_PREPROCESSOR_DEFINITIONS = (
					"DEBUG=1",
					"$(inherited)",
				);
				INFOPLIST_FILE = "Photon (OS X)Tests/Info.plist";
				LD_RUNPATH_SEARCH_PATHS = "$(inherited) @executable_path/../Frameworks @loader_path/../Frameworks";
				MACOSX_DEPLOYMENT_TARGET = 10.10;
				PRODUCT_NAME = "$(TARGET_NAME)";
				SDKROOT = macosx;
				TEST_HOST = "$(BUILT_PRODUCTS_DIR)/Photon (OS X).app/Contents/MacOS/Photon (OS X)";
			};
			name = Debug;
		};
		D344C5571AECB21C002522D0 /* Release */ = {
			isa = XCBuildConfiguration;
			buildSettings = {
				BUNDLE_LOADER = "$(TEST_HOST)";
				COMBINE_HIDPI_IMAGES = YES;
				COPY_PHASE_STRIP = NO;
				DEBUG_INFORMATION_FORMAT = "dwarf-with-dsym";
				FRAMEWORK_SEARCH_PATHS = (
					"$(DEVELOPER_FRAMEWORKS_DIR)",
					"$(inherited)",
				);
				GCC_NO_COMMON_BLOCKS = YES;
				INFOPLIST_FILE = "Photon (OS X)Tests/Info.plist";
				LD_RUNPATH_SEARCH_PATHS = "$(inherited) @executable_path/../Frameworks @loader_path/../Frameworks";
				MACOSX_DEPLOYMENT_TARGET = 10.10;
				PRODUCT_NAME = "$(TARGET_NAME)";
				SDKROOT = macosx;
				TEST_HOST = "$(BUILT_PRODUCTS_DIR)/Photon (OS X).app/Contents/MacOS/Photon (OS X)";
			};
			name = Release;
		};
		D34FB2BF1A71714700DB659E /* Debug */ = {
			isa = XCBuildConfiguration;
			buildSettings = {
				ASSETCATALOG_COMPILER_APPICON_NAME = AppIcon;
				ASSETCATALOG_COMPILER_LAUNCHIMAGE_NAME = LaunchImage;
				CODE_SIGN_IDENTITY = "iPhone Developer";
				"CODE_SIGN_IDENTITY[sdk=iphoneos*]" = "iPhone Developer";
				GCC_PREPROCESSOR_DEFINITIONS = (
					"DEBUG=1",
					"$(inherited)",
				);
				IBSC_MODULE = Photon_WatchKit_Extension;
				INFOPLIST_FILE = "Photon WatchKit App/Info.plist";
				IPHONEOS_DEPLOYMENT_TARGET = 8.2;
				OTHER_LDFLAGS = "";
				PRODUCT_NAME = "$(TARGET_NAME)";
				PROVISIONING_PROFILE = "";
				SKIP_INSTALL = YES;
				TARGETED_DEVICE_FAMILY = 4;
				"TARGETED_DEVICE_FAMILY[sdk=iphonesimulator*]" = "1,4";
			};
			name = Debug;
		};
		D34FB2C01A71714700DB659E /* Release */ = {
			isa = XCBuildConfiguration;
			buildSettings = {
				ASSETCATALOG_COMPILER_APPICON_NAME = AppIcon;
				ASSETCATALOG_COMPILER_LAUNCHIMAGE_NAME = LaunchImage;
				CODE_SIGN_IDENTITY = "iPhone Developer";
				"CODE_SIGN_IDENTITY[sdk=iphoneos*]" = "iPhone Developer";
				COPY_PHASE_STRIP = NO;
				IBSC_MODULE = Photon_WatchKit_Extension;
				INFOPLIST_FILE = "Photon WatchKit App/Info.plist";
				IPHONEOS_DEPLOYMENT_TARGET = 8.2;
				OTHER_LDFLAGS = "";
				PRODUCT_NAME = "$(TARGET_NAME)";
				PROVISIONING_PROFILE = "";
				SKIP_INSTALL = YES;
				TARGETED_DEVICE_FAMILY = 4;
				"TARGETED_DEVICE_FAMILY[sdk=iphonesimulator*]" = "1,4";
			};
			name = Release;
		};
		D34FB2C21A71714700DB659E /* Debug */ = {
			isa = XCBuildConfiguration;
			baseConfigurationReference = A8E2619878DDD17147702D85 /* Pods-Photon WatchKit Extension.debug.xcconfig */;
			buildSettings = {
				CODE_SIGN_ENTITLEMENTS = "Photon WatchKit Extension/Photon WatchKit Extension.entitlements";
				CODE_SIGN_IDENTITY = "iPhone Developer";
				"CODE_SIGN_IDENTITY[sdk=iphoneos*]" = "iPhone Developer";
				FRAMEWORK_SEARCH_PATHS = (
					"$(inherited)",
					"$(PROJECT_DIR)",
				);
				GCC_PREPROCESSOR_DEFINITIONS = (
					"DEBUG=1",
					"$(inherited)",
				);
				INFOPLIST_FILE = "Photon WatchKit Extension/Info.plist";
				IPHONEOS_DEPLOYMENT_TARGET = 8.2;
				LD_RUNPATH_SEARCH_PATHS = "$(inherited) @executable_path/Frameworks @executable_path/../../Frameworks";
				LIBRARY_SEARCH_PATHS = (
					"$(inherited)",
					"$(PROJECT_DIR)/Pods/build/Debug-iphoneos",
				);
				OTHER_LDFLAGS = (
					"-ObjC",
					"$(inherited)",
				);
				OTHER_LIBTOOLFLAGS = "$(OTHER_LDFLAGS) $(inherited)";
				PRODUCT_NAME = "${TARGET_NAME}";
				PROVISIONING_PROFILE = "";
				SKIP_INSTALL = YES;
			};
			name = Debug;
		};
		D34FB2C31A71714700DB659E /* Release */ = {
			isa = XCBuildConfiguration;
			baseConfigurationReference = C318FD3CA9F58D71D9F07A18 /* Pods-Photon WatchKit Extension.release.xcconfig */;
			buildSettings = {
				CODE_SIGN_ENTITLEMENTS = "Photon WatchKit Extension/Photon WatchKit Extension.entitlements";
				CODE_SIGN_IDENTITY = "iPhone Developer";
				"CODE_SIGN_IDENTITY[sdk=iphoneos*]" = "iPhone Developer";
				COPY_PHASE_STRIP = NO;
				FRAMEWORK_SEARCH_PATHS = (
					"$(inherited)",
					"$(PROJECT_DIR)",
				);
				INFOPLIST_FILE = "Photon WatchKit Extension/Info.plist";
				IPHONEOS_DEPLOYMENT_TARGET = 8.2;
				LD_RUNPATH_SEARCH_PATHS = "$(inherited) @executable_path/Frameworks @executable_path/../../Frameworks";
				LIBRARY_SEARCH_PATHS = (
					"$(inherited)",
					"$(PROJECT_DIR)/Pods/build/Debug-iphoneos",
				);
				OTHER_LDFLAGS = (
					"-ObjC",
					"$(inherited)",
				);
				OTHER_LIBTOOLFLAGS = "$(OTHER_LDFLAGS) $(inherited)";
				PRODUCT_NAME = "${TARGET_NAME}";
				PROVISIONING_PROFILE = "";
				SKIP_INSTALL = YES;
			};
			name = Release;
		};
		D38C16561A68DE96006FE974 /* Debug */ = {
			isa = XCBuildConfiguration;
			buildSettings = {
				ALWAYS_SEARCH_USER_PATHS = NO;
				CLANG_CXX_LANGUAGE_STANDARD = "gnu++0x";
				CLANG_CXX_LIBRARY = "libc++";
				CLANG_ENABLE_MODULES = YES;
				CLANG_ENABLE_OBJC_ARC = YES;
				CLANG_WARN_BOOL_CONVERSION = YES;
				CLANG_WARN_CONSTANT_CONVERSION = YES;
				CLANG_WARN_DIRECT_OBJC_ISA_USAGE = YES_ERROR;
				CLANG_WARN_EMPTY_BODY = YES;
				CLANG_WARN_ENUM_CONVERSION = YES;
				CLANG_WARN_INT_CONVERSION = YES;
				CLANG_WARN_OBJC_ROOT_CLASS = YES_ERROR;
				CLANG_WARN_UNREACHABLE_CODE = YES;
				CLANG_WARN__DUPLICATE_METHOD_MATCH = YES;
				"CODE_SIGN_IDENTITY[sdk=iphoneos*]" = "iPhone Developer";
				COPY_PHASE_STRIP = NO;
				ENABLE_STRICT_OBJC_MSGSEND = YES;
				GCC_C_LANGUAGE_STANDARD = gnu99;
				GCC_DYNAMIC_NO_PIC = NO;
				GCC_OPTIMIZATION_LEVEL = 0;
				GCC_PREPROCESSOR_DEFINITIONS = (
					"DEBUG=1",
					"$(inherited)",
				);
				GCC_SYMBOLS_PRIVATE_EXTERN = NO;
				GCC_WARN_64_TO_32_BIT_CONVERSION = YES;
				GCC_WARN_ABOUT_RETURN_TYPE = YES_ERROR;
				GCC_WARN_UNDECLARED_SELECTOR = YES;
				GCC_WARN_UNINITIALIZED_AUTOS = YES_AGGRESSIVE;
				GCC_WARN_UNUSED_FUNCTION = YES;
				GCC_WARN_UNUSED_VARIABLE = YES;
				IPHONEOS_DEPLOYMENT_TARGET = 8.1;
				MTL_ENABLE_DEBUG_INFO = YES;
				ONLY_ACTIVE_ARCH = YES;
				SDKROOT = iphoneos;
				TARGETED_DEVICE_FAMILY = "1,2";
			};
			name = Debug;
		};
		D38C16571A68DE96006FE974 /* Release */ = {
			isa = XCBuildConfiguration;
			buildSettings = {
				ALWAYS_SEARCH_USER_PATHS = NO;
				CLANG_CXX_LANGUAGE_STANDARD = "gnu++0x";
				CLANG_CXX_LIBRARY = "libc++";
				CLANG_ENABLE_MODULES = YES;
				CLANG_ENABLE_OBJC_ARC = YES;
				CLANG_WARN_BOOL_CONVERSION = YES;
				CLANG_WARN_CONSTANT_CONVERSION = YES;
				CLANG_WARN_DIRECT_OBJC_ISA_USAGE = YES_ERROR;
				CLANG_WARN_EMPTY_BODY = YES;
				CLANG_WARN_ENUM_CONVERSION = YES;
				CLANG_WARN_INT_CONVERSION = YES;
				CLANG_WARN_OBJC_ROOT_CLASS = YES_ERROR;
				CLANG_WARN_UNREACHABLE_CODE = YES;
				CLANG_WARN__DUPLICATE_METHOD_MATCH = YES;
				"CODE_SIGN_IDENTITY[sdk=iphoneos*]" = "iPhone Developer";
				COPY_PHASE_STRIP = YES;
				ENABLE_NS_ASSERTIONS = NO;
				ENABLE_STRICT_OBJC_MSGSEND = YES;
				GCC_C_LANGUAGE_STANDARD = gnu99;
				GCC_WARN_64_TO_32_BIT_CONVERSION = YES;
				GCC_WARN_ABOUT_RETURN_TYPE = YES_ERROR;
				GCC_WARN_UNDECLARED_SELECTOR = YES;
				GCC_WARN_UNINITIALIZED_AUTOS = YES_AGGRESSIVE;
				GCC_WARN_UNUSED_FUNCTION = YES;
				GCC_WARN_UNUSED_VARIABLE = YES;
				IPHONEOS_DEPLOYMENT_TARGET = 8.1;
				MTL_ENABLE_DEBUG_INFO = NO;
				SDKROOT = iphoneos;
				TARGETED_DEVICE_FAMILY = "1,2";
				VALIDATE_PRODUCT = YES;
			};
			name = Release;
		};
		D38C16591A68DE96006FE974 /* Debug */ = {
			isa = XCBuildConfiguration;
			baseConfigurationReference = 5A7EEBCB6438DFACE80ED517 /* Pods-Photon.debug.xcconfig */;
			buildSettings = {
				ASSETCATALOG_COMPILER_APPICON_NAME = AppIcon;
				CODE_SIGN_ENTITLEMENTS = Photon/Photon.entitlements;
				CODE_SIGN_IDENTITY = "iPhone Developer";
				"CODE_SIGN_IDENTITY[sdk=iphoneos*]" = "iPhone Developer";
				FRAMEWORK_SEARCH_PATHS = (
					"$(inherited)",
					"$(PROJECT_DIR)",
				);
				INFOPLIST_FILE = Photon/Info.plist;
				LD_RUNPATH_SEARCH_PATHS = "$(inherited) @executable_path/Frameworks";
				LIBRARY_SEARCH_PATHS = (
					"$(inherited)",
					"$(PROJECT_DIR)/Pods/build/Debug-iphoneos",
				);
				OTHER_LDFLAGS = (
					"-ObjC",
					"$(inherited)",
				);
				OTHER_LIBTOOLFLAGS = "$(OTHER_LDFLAGS) $(inherited)";
				PRODUCT_NAME = "$(TARGET_NAME)";
				PROVISIONING_PROFILE = "";
				TARGETED_DEVICE_FAMILY = 1;
			};
			name = Debug;
		};
		D38C165A1A68DE96006FE974 /* Release */ = {
			isa = XCBuildConfiguration;
			baseConfigurationReference = A5FFCB92737127147D863A4D /* Pods-Photon.release.xcconfig */;
			buildSettings = {
				ASSETCATALOG_COMPILER_APPICON_NAME = AppIcon;
				CODE_SIGN_ENTITLEMENTS = Photon/Photon.entitlements;
				CODE_SIGN_IDENTITY = "iPhone Developer";
				"CODE_SIGN_IDENTITY[sdk=iphoneos*]" = "iPhone Developer";
				FRAMEWORK_SEARCH_PATHS = (
					"$(inherited)",
					"$(PROJECT_DIR)",
				);
				INFOPLIST_FILE = Photon/Info.plist;
				LD_RUNPATH_SEARCH_PATHS = "$(inherited) @executable_path/Frameworks";
				LIBRARY_SEARCH_PATHS = (
					"$(inherited)",
					"$(PROJECT_DIR)/Pods/build/Debug-iphoneos",
				);
				OTHER_LDFLAGS = (
					"-ObjC",
					"$(inherited)",
				);
				OTHER_LIBTOOLFLAGS = "$(OTHER_LDFLAGS) $(inherited)";
				PRODUCT_NAME = "$(TARGET_NAME)";
				PROVISIONING_PROFILE = "";
				TARGETED_DEVICE_FAMILY = 1;
			};
			name = Release;
		};
		D38C165C1A68DE96006FE974 /* Debug */ = {
			isa = XCBuildConfiguration;
			buildSettings = {
				BUNDLE_LOADER = "$(TEST_HOST)";
				FRAMEWORK_SEARCH_PATHS = (
					"$(SDKROOT)/Developer/Library/Frameworks",
					"$(inherited)",
				);
				GCC_PREPROCESSOR_DEFINITIONS = (
					"DEBUG=1",
					"$(inherited)",
				);
				INFOPLIST_FILE = PhotonTests/Info.plist;
				LD_RUNPATH_SEARCH_PATHS = "$(inherited) @executable_path/Frameworks @loader_path/Frameworks";
				PRODUCT_NAME = "$(TARGET_NAME)";
				TEST_HOST = "$(BUILT_PRODUCTS_DIR)/Photon.app/Photon";
			};
			name = Debug;
		};
		D38C165D1A68DE96006FE974 /* Release */ = {
			isa = XCBuildConfiguration;
			buildSettings = {
				BUNDLE_LOADER = "$(TEST_HOST)";
				FRAMEWORK_SEARCH_PATHS = (
					"$(SDKROOT)/Developer/Library/Frameworks",
					"$(inherited)",
				);
				INFOPLIST_FILE = PhotonTests/Info.plist;
				LD_RUNPATH_SEARCH_PATHS = "$(inherited) @executable_path/Frameworks @loader_path/Frameworks";
				PRODUCT_NAME = "$(TARGET_NAME)";
				TEST_HOST = "$(BUILT_PRODUCTS_DIR)/Photon.app/Photon";
			};
			name = Release;
		};
		D3BA96861AB9EC0A0026F77A /* Debug */ = {
			isa = XCBuildConfiguration;
			buildSettings = {
				GCC_PREPROCESSOR_DEFINITIONS = (
					"DEBUG=1",
					"$(inherited)",
				);
				IPHONEOS_DEPLOYMENT_TARGET = 8.2;
				OTHER_LDFLAGS = "-ObjC";
				PRODUCT_NAME = "$(TARGET_NAME)";
				SKIP_INSTALL = YES;
			};
			name = Debug;
		};
		D3BA96871AB9EC0A0026F77A /* Release */ = {
			isa = XCBuildConfiguration;
			buildSettings = {
				COPY_PHASE_STRIP = NO;
				IPHONEOS_DEPLOYMENT_TARGET = 8.2;
				OTHER_LDFLAGS = "-ObjC";
				PRODUCT_NAME = "$(TARGET_NAME)";
				SKIP_INSTALL = YES;
			};
			name = Release;
		};
		D3BA96891AB9EC0A0026F77A /* Debug */ = {
			isa = XCBuildConfiguration;
			buildSettings = {
				FRAMEWORK_SEARCH_PATHS = (
					"$(SDKROOT)/Developer/Library/Frameworks",
					"$(inherited)",
				);
				GCC_PREPROCESSOR_DEFINITIONS = (
					"DEBUG=1",
					"$(inherited)",
				);
				INFOPLIST_FILE = PhotonLightControllerTests/Info.plist;
				IPHONEOS_DEPLOYMENT_TARGET = 8.2;
				LD_RUNPATH_SEARCH_PATHS = "$(inherited) @executable_path/Frameworks @loader_path/Frameworks";
				PRODUCT_NAME = "$(TARGET_NAME)";
			};
			name = Debug;
		};
		D3BA968A1AB9EC0A0026F77A /* Release */ = {
			isa = XCBuildConfiguration;
			buildSettings = {
				COPY_PHASE_STRIP = NO;
				FRAMEWORK_SEARCH_PATHS = (
					"$(SDKROOT)/Developer/Library/Frameworks",
					"$(inherited)",
				);
				INFOPLIST_FILE = PhotonLightControllerTests/Info.plist;
				IPHONEOS_DEPLOYMENT_TARGET = 8.2;
				LD_RUNPATH_SEARCH_PATHS = "$(inherited) @executable_path/Frameworks @loader_path/Frameworks";
				PRODUCT_NAME = "$(TARGET_NAME)";
			};
			name = Release;
		};
/* End XCBuildConfiguration section */

/* Begin XCConfigurationList section */
		D344C5581AECB21C002522D0 /* Build configuration list for PBXNativeTarget "Photon (OS X)" */ = {
			isa = XCConfigurationList;
			buildConfigurations = (
				D344C5541AECB21C002522D0 /* Debug */,
				D344C5551AECB21C002522D0 /* Release */,
			);
			defaultConfigurationIsVisible = 0;
			defaultConfigurationName = Release;
		};
		D344C5591AECB21C002522D0 /* Build configuration list for PBXNativeTarget "Photon (OS X)Tests" */ = {
			isa = XCConfigurationList;
			buildConfigurations = (
				D344C5561AECB21C002522D0 /* Debug */,
				D344C5571AECB21C002522D0 /* Release */,
			);
			defaultConfigurationIsVisible = 0;
			defaultConfigurationName = Release;
		};
		D34FB2BE1A71714700DB659E /* Build configuration list for PBXNativeTarget "Photon WatchKit App" */ = {
			isa = XCConfigurationList;
			buildConfigurations = (
				D34FB2BF1A71714700DB659E /* Debug */,
				D34FB2C01A71714700DB659E /* Release */,
			);
			defaultConfigurationIsVisible = 0;
			defaultConfigurationName = Release;
		};
		D34FB2C11A71714700DB659E /* Build configuration list for PBXNativeTarget "Photon WatchKit Extension" */ = {
			isa = XCConfigurationList;
			buildConfigurations = (
				D34FB2C21A71714700DB659E /* Debug */,
				D34FB2C31A71714700DB659E /* Release */,
			);
			defaultConfigurationIsVisible = 0;
			defaultConfigurationName = Release;
		};
		D38C16301A68DE96006FE974 /* Build configuration list for PBXProject "Photon" */ = {
			isa = XCConfigurationList;
			buildConfigurations = (
				D38C16561A68DE96006FE974 /* Debug */,
				D38C16571A68DE96006FE974 /* Release */,
			);
			defaultConfigurationIsVisible = 0;
			defaultConfigurationName = Release;
		};
		D38C16581A68DE96006FE974 /* Build configuration list for PBXNativeTarget "Photon" */ = {
			isa = XCConfigurationList;
			buildConfigurations = (
				D38C16591A68DE96006FE974 /* Debug */,
				D38C165A1A68DE96006FE974 /* Release */,
			);
			defaultConfigurationIsVisible = 0;
			defaultConfigurationName = Release;
		};
		D38C165B1A68DE96006FE974 /* Build configuration list for PBXNativeTarget "PhotonTests" */ = {
			isa = XCConfigurationList;
			buildConfigurations = (
				D38C165C1A68DE96006FE974 /* Debug */,
				D38C165D1A68DE96006FE974 /* Release */,
			);
			defaultConfigurationIsVisible = 0;
			defaultConfigurationName = Release;
		};
		D3BA96851AB9EC0A0026F77A /* Build configuration list for PBXNativeTarget "PhotonLightController" */ = {
			isa = XCConfigurationList;
			buildConfigurations = (
				D3BA96861AB9EC0A0026F77A /* Debug */,
				D3BA96871AB9EC0A0026F77A /* Release */,
			);
			defaultConfigurationIsVisible = 0;
			defaultConfigurationName = Release;
		};
		D3BA96881AB9EC0A0026F77A /* Build configuration list for PBXNativeTarget "PhotonLightControllerTests" */ = {
			isa = XCConfigurationList;
			buildConfigurations = (
				D3BA96891AB9EC0A0026F77A /* Debug */,
				D3BA968A1AB9EC0A0026F77A /* Release */,
			);
			defaultConfigurationIsVisible = 0;
			defaultConfigurationName = Release;
		};
/* End XCConfigurationList section */
	};
	rootObject = D38C162D1A68DE96006FE974 /* Project object */;
}
