// !$*UTF8*$!
{
	archiveVersion = 1;
	classes = {
	};
	objectVersion = 46;
	objects = {

/* Begin PBXBuildFile section */
		D31C3BE51A722834006D2678 /* ResourceRowController.m in Sources */ = {isa = PBXBuildFile; fileRef = D31C3BE41A722834006D2678 /* ResourceRowController.m */; };
		D322AA0E1A6E0D7B00D7DC05 /* HueBridgeView.m in Sources */ = {isa = PBXBuildFile; fileRef = D322AA0D1A6E0D7B00D7DC05 /* HueBridgeView.m */; };
		D34FB2A71A71714600DB659E /* InterfaceController.m in Sources */ = {isa = PBXBuildFile; fileRef = D34FB2A61A71714600DB659E /* InterfaceController.m */; };
		D34FB2AA1A71714600DB659E /* NotificationController.m in Sources */ = {isa = PBXBuildFile; fileRef = D34FB2A91A71714600DB659E /* NotificationController.m */; };
		D34FB2AC1A71714600DB659E /* Images.xcassets in Resources */ = {isa = PBXBuildFile; fileRef = D34FB2AB1A71714600DB659E /* Images.xcassets */; };
		D34FB2B01A71714700DB659E /* Photon WatchKit App.app in Resources */ = {isa = PBXBuildFile; fileRef = D34FB2AF1A71714700DB659E /* Photon WatchKit App.app */; };
		D34FB2B81A71714700DB659E /* Interface.storyboard in Resources */ = {isa = PBXBuildFile; fileRef = D34FB2B61A71714700DB659E /* Interface.storyboard */; };
		D34FB2BA1A71714700DB659E /* Images.xcassets in Resources */ = {isa = PBXBuildFile; fileRef = D34FB2B91A71714700DB659E /* Images.xcassets */; };
		D34FB2BD1A71714700DB659E /* Photon WatchKit Extension.appex in Embed App Extensions */ = {isa = PBXBuildFile; fileRef = D34FB2A01A71714600DB659E /* Photon WatchKit Extension.appex */; settings = {ATTRIBUTES = (RemoveHeadersOnCopy, ); }; };
		D3779F131A78B483008B817A /* ResourceCollectionHeaderReusableView.xib in Resources */ = {isa = PBXBuildFile; fileRef = D3779F121A78B483008B817A /* ResourceCollectionHeaderReusableView.xib */; };
		D37BE8CC1A6D45F200C67CE5 /* GroupListViewController.m in Sources */ = {isa = PBXBuildFile; fileRef = D37BE8CB1A6D45F200C67CE5 /* GroupListViewController.m */; };
		D37BE8CF1A6D4BD600C67CE5 /* EditGroupViewController.m in Sources */ = {isa = PBXBuildFile; fileRef = D37BE8CE1A6D4BD600C67CE5 /* EditGroupViewController.m */; };
		D38C163B1A68DE96006FE974 /* main.m in Sources */ = {isa = PBXBuildFile; fileRef = D38C163A1A68DE96006FE974 /* main.m */; };
		D38C163E1A68DE96006FE974 /* PNAppDelegate.m in Sources */ = {isa = PBXBuildFile; fileRef = D38C163D1A68DE96006FE974 /* PNAppDelegate.m */; };
		D38C16461A68DE96006FE974 /* Images.xcassets in Resources */ = {isa = PBXBuildFile; fileRef = D38C16451A68DE96006FE974 /* Images.xcassets */; };
		D38C16491A68DE96006FE974 /* LaunchScreen.xib in Resources */ = {isa = PBXBuildFile; fileRef = D38C16471A68DE96006FE974 /* LaunchScreen.xib */; };
		D38C16551A68DE96006FE974 /* PhotonTests.m in Sources */ = {isa = PBXBuildFile; fileRef = D38C16541A68DE96006FE974 /* PhotonTests.m */; };
		D3B90BB01A6F77E50062E355 /* PNColorPickerView.m in Sources */ = {isa = PBXBuildFile; fileRef = D3B90BAF1A6F77E50062E355 /* PNColorPickerView.m */; };
		D3B90BB21A6F902F0062E355 /* LightGroupView.xib in Resources */ = {isa = PBXBuildFile; fileRef = D3B90BB11A6F902F0062E355 /* LightGroupView.xib */; };
		D3BA63271A6B5F6100095EF7 /* HueSDK_iOS.framework in Frameworks */ = {isa = PBXBuildFile; fileRef = D3BA63261A6B5F6100095EF7 /* HueSDK_iOS.framework */; };
		D3BA63381A6B664600095EF7 /* DDAbstractDatabaseLogger.m in Sources */ = {isa = PBXBuildFile; fileRef = D3BA632A1A6B664600095EF7 /* DDAbstractDatabaseLogger.m */; };
		D3BA63391A6B664600095EF7 /* DDASLLogger.m in Sources */ = {isa = PBXBuildFile; fileRef = D3BA632C1A6B664600095EF7 /* DDASLLogger.m */; };
		D3BA633A1A6B664600095EF7 /* DDFileLogger.m in Sources */ = {isa = PBXBuildFile; fileRef = D3BA632E1A6B664600095EF7 /* DDFileLogger.m */; };
		D3BA633B1A6B664600095EF7 /* DDLog.m in Sources */ = {isa = PBXBuildFile; fileRef = D3BA63301A6B664600095EF7 /* DDLog.m */; };
		D3BA633C1A6B664600095EF7 /* DDTTYLogger.m in Sources */ = {isa = PBXBuildFile; fileRef = D3BA63321A6B664600095EF7 /* DDTTYLogger.m */; };
		D3BA633D1A6B664600095EF7 /* ContextFilterLogFormatter.m in Sources */ = {isa = PBXBuildFile; fileRef = D3BA63351A6B664600095EF7 /* ContextFilterLogFormatter.m */; };
		D3BA633E1A6B664600095EF7 /* DispatchQueueLogFormatter.m in Sources */ = {isa = PBXBuildFile; fileRef = D3BA63371A6B664600095EF7 /* DispatchQueueLogFormatter.m */; };
		D3C33B331A738AD10008EAFA /* PNLightController.m in Sources */ = {isa = PBXBuildFile; fileRef = D3C33B321A738AD10008EAFA /* PNLightController.m */; };
		D3C487EE1A8088B000ED9EDC /* PNColorView.m in Sources */ = {isa = PBXBuildFile; fileRef = D3C487ED1A8088B000ED9EDC /* PNColorView.m */; };
		D3DF823C1A7425B1001AD7DB /* PNLightController.m in Sources */ = {isa = PBXBuildFile; fileRef = D3C33B321A738AD10008EAFA /* PNLightController.m */; };
		D3DF823D1A7425CF001AD7DB /* HueSDK_iOS.framework in Frameworks */ = {isa = PBXBuildFile; fileRef = D3BA63261A6B5F6100095EF7 /* HueSDK_iOS.framework */; };
		D3DF823E1A74264C001AD7DB /* DDLog.m in Sources */ = {isa = PBXBuildFile; fileRef = D3BA63301A6B664600095EF7 /* DDLog.m */; };
		D3ED38501A7DAD30000CE316 /* ResourceCollectionViewCell.m in Sources */ = {isa = PBXBuildFile; fileRef = D3ED384F1A7DAD30000CE316 /* ResourceCollectionViewCell.m */; };
		D3ED38521A7DBE58000CE316 /* ResourceCollectionViewCell.xib in Resources */ = {isa = PBXBuildFile; fileRef = D3ED38511A7DBE58000CE316 /* ResourceCollectionViewCell.xib */; };
		D3ED38591A7ED43F000CE316 /* SceneListViewController.m in Sources */ = {isa = PBXBuildFile; fileRef = D3ED38581A7ED43F000CE316 /* SceneListViewController.m */; };
		D3ED385E1A7FE2A9000CE316 /* PNColorPickerVC.m in Sources */ = {isa = PBXBuildFile; fileRef = D3ED385D1A7FE2A9000CE316 /* PNColorPickerVC.m */; };
		D3FB69501A6CF7080068945E /* SetupViewController.m in Sources */ = {isa = PBXBuildFile; fileRef = D3FB694E1A6CF7080068945E /* SetupViewController.m */; };
		D3FB69511A6CF7080068945E /* SetupViewController.xib in Resources */ = {isa = PBXBuildFile; fileRef = D3FB694F1A6CF7080068945E /* SetupViewController.xib */; };
		D3FB69551A6D0D810068945E /* ResourceViewController.m in Sources */ = {isa = PBXBuildFile; fileRef = D3FB69531A6D0D810068945E /* ResourceViewController.m */; };
/* End PBXBuildFile section */

/* Begin PBXContainerItemProxy section */
		D34FB2B11A71714700DB659E /* PBXContainerItemProxy */ = {
			isa = PBXContainerItemProxy;
			containerPortal = D38C162D1A68DE96006FE974 /* Project object */;
			proxyType = 1;
			remoteGlobalIDString = D34FB2AE1A71714700DB659E;
			remoteInfo = "Photon WatchKit App";
		};
		D34FB2BB1A71714700DB659E /* PBXContainerItemProxy */ = {
			isa = PBXContainerItemProxy;
			containerPortal = D38C162D1A68DE96006FE974 /* Project object */;
			proxyType = 1;
			remoteGlobalIDString = D34FB29F1A71714600DB659E;
			remoteInfo = "Photon WatchKit Extension";
		};
		D38C164F1A68DE96006FE974 /* PBXContainerItemProxy */ = {
			isa = PBXContainerItemProxy;
			containerPortal = D38C162D1A68DE96006FE974 /* Project object */;
			proxyType = 1;
			remoteGlobalIDString = D38C16341A68DE96006FE974;
			remoteInfo = Photon;
		};
/* End PBXContainerItemProxy section */

/* Begin PBXCopyFilesBuildPhase section */
		D34FB24B1A70F56F00DB659E /* Embed App Extensions */ = {
			isa = PBXCopyFilesBuildPhase;
			buildActionMask = 2147483647;
			dstPath = "";
			dstSubfolderSpec = 13;
			files = (
				D34FB2BD1A71714700DB659E /* Photon WatchKit Extension.appex in Embed App Extensions */,
			);
			name = "Embed App Extensions";
			runOnlyForDeploymentPostprocessing = 0;
		};
/* End PBXCopyFilesBuildPhase section */

/* Begin PBXFileReference section */
		D31C3BE31A722834006D2678 /* ResourceRowController.h */ = {isa = PBXFileReference; fileEncoding = 4; lastKnownFileType = sourcecode.c.h; name = ResourceRowController.h; path = "../Photon WatchKit Extension/ResourceRowController.h"; sourceTree = "<group>"; };
		D31C3BE41A722834006D2678 /* ResourceRowController.m */ = {isa = PBXFileReference; fileEncoding = 4; lastKnownFileType = sourcecode.c.objc; name = ResourceRowController.m; path = "../Photon WatchKit Extension/ResourceRowController.m"; sourceTree = "<group>"; };
		D322AA0C1A6E0D7B00D7DC05 /* HueBridgeView.h */ = {isa = PBXFileReference; fileEncoding = 4; lastKnownFileType = sourcecode.c.h; path = HueBridgeView.h; sourceTree = "<group>"; };
		D322AA0D1A6E0D7B00D7DC05 /* HueBridgeView.m */ = {isa = PBXFileReference; fileEncoding = 4; lastKnownFileType = sourcecode.c.objc; path = HueBridgeView.m; sourceTree = "<group>"; };
		D34FB2A01A71714600DB659E /* Photon WatchKit Extension.appex */ = {isa = PBXFileReference; explicitFileType = "wrapper.app-extension"; includeInIndex = 0; path = "Photon WatchKit Extension.appex"; sourceTree = BUILT_PRODUCTS_DIR; };
		D34FB2A31A71714600DB659E /* Info.plist */ = {isa = PBXFileReference; lastKnownFileType = text.plist.xml; path = Info.plist; sourceTree = "<group>"; };
		D34FB2A41A71714600DB659E /* PushNotificationPayload.apns */ = {isa = PBXFileReference; lastKnownFileType = text; path = PushNotificationPayload.apns; sourceTree = "<group>"; };
		D34FB2A51A71714600DB659E /* InterfaceController.h */ = {isa = PBXFileReference; lastKnownFileType = sourcecode.c.h; path = InterfaceController.h; sourceTree = "<group>"; };
		D34FB2A61A71714600DB659E /* InterfaceController.m */ = {isa = PBXFileReference; lastKnownFileType = sourcecode.c.objc; path = InterfaceController.m; sourceTree = "<group>"; };
		D34FB2A81A71714600DB659E /* NotificationController.h */ = {isa = PBXFileReference; lastKnownFileType = sourcecode.c.h; path = NotificationController.h; sourceTree = "<group>"; };
		D34FB2A91A71714600DB659E /* NotificationController.m */ = {isa = PBXFileReference; lastKnownFileType = sourcecode.c.objc; path = NotificationController.m; sourceTree = "<group>"; };
		D34FB2AB1A71714600DB659E /* Images.xcassets */ = {isa = PBXFileReference; lastKnownFileType = folder.assetcatalog; path = Images.xcassets; sourceTree = "<group>"; };
		D34FB2AF1A71714700DB659E /* Photon WatchKit App.app */ = {isa = PBXFileReference; explicitFileType = wrapper.application; includeInIndex = 0; path = "Photon WatchKit App.app"; sourceTree = BUILT_PRODUCTS_DIR; };
		D34FB2B51A71714700DB659E /* Info.plist */ = {isa = PBXFileReference; lastKnownFileType = text.plist.xml; path = Info.plist; sourceTree = "<group>"; };
		D34FB2B71A71714700DB659E /* Base */ = {isa = PBXFileReference; lastKnownFileType = file.storyboard; name = Base; path = Base.lproj/Interface.storyboard; sourceTree = "<group>"; };
		D34FB2B91A71714700DB659E /* Images.xcassets */ = {isa = PBXFileReference; lastKnownFileType = folder.assetcatalog; path = Images.xcassets; sourceTree = "<group>"; };
		D3779F121A78B483008B817A /* ResourceCollectionHeaderReusableView.xib */ = {isa = PBXFileReference; fileEncoding = 4; lastKnownFileType = file.xib; path = ResourceCollectionHeaderReusableView.xib; sourceTree = "<group>"; };
		D37BE8CA1A6D45F200C67CE5 /* GroupListViewController.h */ = {isa = PBXFileReference; fileEncoding = 4; lastKnownFileType = sourcecode.c.h; path = GroupListViewController.h; sourceTree = "<group>"; };
		D37BE8CB1A6D45F200C67CE5 /* GroupListViewController.m */ = {isa = PBXFileReference; fileEncoding = 4; lastKnownFileType = sourcecode.c.objc; path = GroupListViewController.m; sourceTree = "<group>"; };
		D37BE8CD1A6D4BD600C67CE5 /* EditGroupViewController.h */ = {isa = PBXFileReference; fileEncoding = 4; lastKnownFileType = sourcecode.c.h; path = EditGroupViewController.h; sourceTree = "<group>"; };
		D37BE8CE1A6D4BD600C67CE5 /* EditGroupViewController.m */ = {isa = PBXFileReference; fileEncoding = 4; lastKnownFileType = sourcecode.c.objc; path = EditGroupViewController.m; sourceTree = "<group>"; };
		D38C16351A68DE96006FE974 /* Photon.app */ = {isa = PBXFileReference; explicitFileType = wrapper.application; includeInIndex = 0; path = Photon.app; sourceTree = BUILT_PRODUCTS_DIR; };
		D38C16391A68DE96006FE974 /* Info.plist */ = {isa = PBXFileReference; lastKnownFileType = text.plist.xml; path = Info.plist; sourceTree = "<group>"; };
		D38C163A1A68DE96006FE974 /* main.m */ = {isa = PBXFileReference; lastKnownFileType = sourcecode.c.objc; path = main.m; sourceTree = "<group>"; };
		D38C163C1A68DE96006FE974 /* PNAppDelegate.h */ = {isa = PBXFileReference; lastKnownFileType = sourcecode.c.h; path = PNAppDelegate.h; sourceTree = "<group>"; };
		D38C163D1A68DE96006FE974 /* PNAppDelegate.m */ = {isa = PBXFileReference; lastKnownFileType = sourcecode.c.objc; path = PNAppDelegate.m; sourceTree = "<group>"; };
		D38C16451A68DE96006FE974 /* Images.xcassets */ = {isa = PBXFileReference; lastKnownFileType = folder.assetcatalog; path = Images.xcassets; sourceTree = "<group>"; };
		D38C16481A68DE96006FE974 /* Base */ = {isa = PBXFileReference; lastKnownFileType = file.xib; name = Base; path = Base.lproj/LaunchScreen.xib; sourceTree = "<group>"; };
		D38C164E1A68DE96006FE974 /* PhotonTests.xctest */ = {isa = PBXFileReference; explicitFileType = wrapper.cfbundle; includeInIndex = 0; path = PhotonTests.xctest; sourceTree = BUILT_PRODUCTS_DIR; };
		D38C16531A68DE96006FE974 /* Info.plist */ = {isa = PBXFileReference; lastKnownFileType = text.plist.xml; path = Info.plist; sourceTree = "<group>"; };
		D38C16541A68DE96006FE974 /* PhotonTests.m */ = {isa = PBXFileReference; lastKnownFileType = sourcecode.c.objc; path = PhotonTests.m; sourceTree = "<group>"; };
		D3B90BAE1A6F77E50062E355 /* PNColorPickerView.h */ = {isa = PBXFileReference; fileEncoding = 4; lastKnownFileType = sourcecode.c.h; path = PNColorPickerView.h; sourceTree = "<group>"; };
		D3B90BAF1A6F77E50062E355 /* PNColorPickerView.m */ = {isa = PBXFileReference; fileEncoding = 4; lastKnownFileType = sourcecode.c.objc; path = PNColorPickerView.m; sourceTree = "<group>"; };
		D3B90BB11A6F902F0062E355 /* LightGroupView.xib */ = {isa = PBXFileReference; fileEncoding = 4; lastKnownFileType = file.xib; path = LightGroupView.xib; sourceTree = "<group>"; };
		D3BA63261A6B5F6100095EF7 /* HueSDK_iOS.framework */ = {isa = PBXFileReference; lastKnownFileType = wrapper.framework; path = HueSDK_iOS.framework; sourceTree = "<group>"; };
		D3BA63291A6B664600095EF7 /* DDAbstractDatabaseLogger.h */ = {isa = PBXFileReference; fileEncoding = 4; lastKnownFileType = sourcecode.c.h; path = DDAbstractDatabaseLogger.h; sourceTree = "<group>"; };
		D3BA632A1A6B664600095EF7 /* DDAbstractDatabaseLogger.m */ = {isa = PBXFileReference; fileEncoding = 4; lastKnownFileType = sourcecode.c.objc; path = DDAbstractDatabaseLogger.m; sourceTree = "<group>"; };
		D3BA632B1A6B664600095EF7 /* DDASLLogger.h */ = {isa = PBXFileReference; fileEncoding = 4; lastKnownFileType = sourcecode.c.h; path = DDASLLogger.h; sourceTree = "<group>"; };
		D3BA632C1A6B664600095EF7 /* DDASLLogger.m */ = {isa = PBXFileReference; fileEncoding = 4; lastKnownFileType = sourcecode.c.objc; path = DDASLLogger.m; sourceTree = "<group>"; };
		D3BA632D1A6B664600095EF7 /* DDFileLogger.h */ = {isa = PBXFileReference; fileEncoding = 4; lastKnownFileType = sourcecode.c.h; path = DDFileLogger.h; sourceTree = "<group>"; };
		D3BA632E1A6B664600095EF7 /* DDFileLogger.m */ = {isa = PBXFileReference; fileEncoding = 4; lastKnownFileType = sourcecode.c.objc; path = DDFileLogger.m; sourceTree = "<group>"; };
		D3BA632F1A6B664600095EF7 /* DDLog.h */ = {isa = PBXFileReference; fileEncoding = 4; lastKnownFileType = sourcecode.c.h; path = DDLog.h; sourceTree = "<group>"; };
		D3BA63301A6B664600095EF7 /* DDLog.m */ = {isa = PBXFileReference; fileEncoding = 4; lastKnownFileType = sourcecode.c.objc; path = DDLog.m; sourceTree = "<group>"; };
		D3BA63311A6B664600095EF7 /* DDTTYLogger.h */ = {isa = PBXFileReference; fileEncoding = 4; lastKnownFileType = sourcecode.c.h; path = DDTTYLogger.h; sourceTree = "<group>"; };
		D3BA63321A6B664600095EF7 /* DDTTYLogger.m */ = {isa = PBXFileReference; fileEncoding = 4; lastKnownFileType = sourcecode.c.objc; path = DDTTYLogger.m; sourceTree = "<group>"; };
		D3BA63341A6B664600095EF7 /* ContextFilterLogFormatter.h */ = {isa = PBXFileReference; fileEncoding = 4; lastKnownFileType = sourcecode.c.h; path = ContextFilterLogFormatter.h; sourceTree = "<group>"; };
		D3BA63351A6B664600095EF7 /* ContextFilterLogFormatter.m */ = {isa = PBXFileReference; fileEncoding = 4; lastKnownFileType = sourcecode.c.objc; path = ContextFilterLogFormatter.m; sourceTree = "<group>"; };
		D3BA63361A6B664600095EF7 /* DispatchQueueLogFormatter.h */ = {isa = PBXFileReference; fileEncoding = 4; lastKnownFileType = sourcecode.c.h; path = DispatchQueueLogFormatter.h; sourceTree = "<group>"; };
		D3BA63371A6B664600095EF7 /* DispatchQueueLogFormatter.m */ = {isa = PBXFileReference; fileEncoding = 4; lastKnownFileType = sourcecode.c.objc; path = DispatchQueueLogFormatter.m; sourceTree = "<group>"; };
		D3C33B311A738AD10008EAFA /* PNLightController.h */ = {isa = PBXFileReference; fileEncoding = 4; lastKnownFileType = sourcecode.c.h; path = PNLightController.h; sourceTree = "<group>"; };
		D3C33B321A738AD10008EAFA /* PNLightController.m */ = {isa = PBXFileReference; fileEncoding = 4; lastKnownFileType = sourcecode.c.objc; path = PNLightController.m; sourceTree = "<group>"; };
		D3C487EC1A8088B000ED9EDC /* PNColorView.h */ = {isa = PBXFileReference; fileEncoding = 4; lastKnownFileType = sourcecode.c.h; path = PNColorView.h; sourceTree = "<group>"; };
		D3C487ED1A8088B000ED9EDC /* PNColorView.m */ = {isa = PBXFileReference; fileEncoding = 4; lastKnownFileType = sourcecode.c.objc; path = PNColorView.m; sourceTree = "<group>"; };
		D3ED384E1A7DAD30000CE316 /* ResourceCollectionViewCell.h */ = {isa = PBXFileReference; fileEncoding = 4; lastKnownFileType = sourcecode.c.h; path = ResourceCollectionViewCell.h; sourceTree = "<group>"; };
		D3ED384F1A7DAD30000CE316 /* ResourceCollectionViewCell.m */ = {isa = PBXFileReference; fileEncoding = 4; lastKnownFileType = sourcecode.c.objc; path = ResourceCollectionViewCell.m; sourceTree = "<group>"; };
		D3ED38511A7DBE58000CE316 /* ResourceCollectionViewCell.xib */ = {isa = PBXFileReference; fileEncoding = 4; lastKnownFileType = file.xib; name = ResourceCollectionViewCell.xib; path = ../ResourceCollectionViewCell.xib; sourceTree = "<group>"; };
		D3ED38571A7ED43F000CE316 /* SceneListViewController.h */ = {isa = PBXFileReference; fileEncoding = 4; lastKnownFileType = sourcecode.c.h; path = SceneListViewController.h; sourceTree = "<group>"; };
		D3ED38581A7ED43F000CE316 /* SceneListViewController.m */ = {isa = PBXFileReference; fileEncoding = 4; lastKnownFileType = sourcecode.c.objc; path = SceneListViewController.m; sourceTree = "<group>"; };
		D3ED385C1A7FE2A9000CE316 /* PNColorPickerVC.h */ = {isa = PBXFileReference; fileEncoding = 4; lastKnownFileType = sourcecode.c.h; path = PNColorPickerVC.h; sourceTree = "<group>"; };
		D3ED385D1A7FE2A9000CE316 /* PNColorPickerVC.m */ = {isa = PBXFileReference; fileEncoding = 4; lastKnownFileType = sourcecode.c.objc; path = PNColorPickerVC.m; sourceTree = "<group>"; };
		D3FB694D1A6CF7080068945E /* SetupViewController.h */ = {isa = PBXFileReference; fileEncoding = 4; lastKnownFileType = sourcecode.c.h; path = SetupViewController.h; sourceTree = "<group>"; };
		D3FB694E1A6CF7080068945E /* SetupViewController.m */ = {isa = PBXFileReference; fileEncoding = 4; lastKnownFileType = sourcecode.c.objc; path = SetupViewController.m; sourceTree = "<group>"; };
		D3FB694F1A6CF7080068945E /* SetupViewController.xib */ = {isa = PBXFileReference; fileEncoding = 4; lastKnownFileType = file.xib; path = SetupViewController.xib; sourceTree = "<group>"; };
		D3FB69521A6D0D810068945E /* ResourceViewController.h */ = {isa = PBXFileReference; fileEncoding = 4; lastKnownFileType = sourcecode.c.h; path = ResourceViewController.h; sourceTree = "<group>"; };
		D3FB69531A6D0D810068945E /* ResourceViewController.m */ = {isa = PBXFileReference; fileEncoding = 4; lastKnownFileType = sourcecode.c.objc; path = ResourceViewController.m; sourceTree = "<group>"; };
/* End PBXFileReference section */

/* Begin PBXFrameworksBuildPhase section */
		D34FB29D1A71714600DB659E /* Frameworks */ = {
			isa = PBXFrameworksBuildPhase;
			buildActionMask = 2147483647;
			files = (
				D3DF823D1A7425CF001AD7DB /* HueSDK_iOS.framework in Frameworks */,
			);
			runOnlyForDeploymentPostprocessing = 0;
		};
		D38C16321A68DE96006FE974 /* Frameworks */ = {
			isa = PBXFrameworksBuildPhase;
			buildActionMask = 2147483647;
			files = (
				D3BA63271A6B5F6100095EF7 /* HueSDK_iOS.framework in Frameworks */,
			);
			runOnlyForDeploymentPostprocessing = 0;
		};
		D38C164B1A68DE96006FE974 /* Frameworks */ = {
			isa = PBXFrameworksBuildPhase;
			buildActionMask = 2147483647;
			files = (
			);
			runOnlyForDeploymentPostprocessing = 0;
		};
/* End PBXFrameworksBuildPhase section */

/* Begin PBXGroup section */
		D34FB2A11A71714600DB659E /* Photon WatchKit Extension */ = {
			isa = PBXGroup;
			children = (
				D34FB2A51A71714600DB659E /* InterfaceController.h */,
				D34FB2A61A71714600DB659E /* InterfaceController.m */,
				D34FB2A81A71714600DB659E /* NotificationController.h */,
				D34FB2A91A71714600DB659E /* NotificationController.m */,
				D34FB2AB1A71714600DB659E /* Images.xcassets */,
				D34FB2A21A71714600DB659E /* Supporting Files */,
			);
			path = "Photon WatchKit Extension";
			sourceTree = "<group>";
		};
		D34FB2A21A71714600DB659E /* Supporting Files */ = {
			isa = PBXGroup;
			children = (
				D34FB2A31A71714600DB659E /* Info.plist */,
				D34FB2A41A71714600DB659E /* PushNotificationPayload.apns */,
			);
			name = "Supporting Files";
			sourceTree = "<group>";
		};
		D34FB2B31A71714700DB659E /* Photon WatchKit App */ = {
			isa = PBXGroup;
			children = (
				D34FB2B61A71714700DB659E /* Interface.storyboard */,
				D31C3BE31A722834006D2678 /* ResourceRowController.h */,
				D31C3BE41A722834006D2678 /* ResourceRowController.m */,
				D34FB2B91A71714700DB659E /* Images.xcassets */,
				D34FB2B41A71714700DB659E /* Supporting Files */,
			);
			path = "Photon WatchKit App";
			sourceTree = "<group>";
		};
		D34FB2B41A71714700DB659E /* Supporting Files */ = {
			isa = PBXGroup;
			children = (
				D34FB2B51A71714700DB659E /* Info.plist */,
			);
			name = "Supporting Files";
			sourceTree = "<group>";
		};
		D38C162C1A68DE96006FE974 = {
			isa = PBXGroup;
			children = (
				D38C16371A68DE96006FE974 /* Photon */,
				D38C16511A68DE96006FE974 /* PhotonTests */,
				D34FB2A11A71714600DB659E /* Photon WatchKit Extension */,
				D34FB2B31A71714700DB659E /* Photon WatchKit App */,
				D38C16361A68DE96006FE974 /* Products */,
				D3BA63281A6B664600095EF7 /* Lumberjack */,
				D3BA63261A6B5F6100095EF7 /* HueSDK_iOS.framework */,
			);
			sourceTree = "<group>";
		};
		D38C16361A68DE96006FE974 /* Products */ = {
			isa = PBXGroup;
			children = (
				D38C16351A68DE96006FE974 /* Photon.app */,
				D38C164E1A68DE96006FE974 /* PhotonTests.xctest */,
				D34FB2A01A71714600DB659E /* Photon WatchKit Extension.appex */,
				D34FB2AF1A71714700DB659E /* Photon WatchKit App.app */,
			);
			name = Products;
			sourceTree = "<group>";
		};
		D38C16371A68DE96006FE974 /* Photon */ = {
			isa = PBXGroup;
			children = (
				D38C163C1A68DE96006FE974 /* PNAppDelegate.h */,
				D38C163D1A68DE96006FE974 /* PNAppDelegate.m */,
				D3C33B311A738AD10008EAFA /* PNLightController.h */,
				D3C33B321A738AD10008EAFA /* PNLightController.m */,
				D3ED385B1A7F7982000CE316 /* Setup */,
				D3ED385A1A7F7913000CE316 /* Resource Collection */,
				D3ED38561A7ED3F3000CE316 /* Scenes */,
				D3ED38551A7ED3E0000CE316 /* Groups */,
				D3ED385C1A7FE2A9000CE316 /* PNColorPickerVC.h */,
				D3ED385D1A7FE2A9000CE316 /* PNColorPickerVC.m */,
				D3C487EC1A8088B000ED9EDC /* PNColorView.h */,
				D3C487ED1A8088B000ED9EDC /* PNColorView.m */,
				D3B90BAE1A6F77E50062E355 /* PNColorPickerView.h */,
				D3B90BAF1A6F77E50062E355 /* PNColorPickerView.m */,
				D38C16471A68DE96006FE974 /* LaunchScreen.xib */,
				D38C16451A68DE96006FE974 /* Images.xcassets */,
				D38C16381A68DE96006FE974 /* Supporting Files */,
			);
			path = Photon;
			sourceTree = "<group>";
		};
		D38C16381A68DE96006FE974 /* Supporting Files */ = {
			isa = PBXGroup;
			children = (
				D38C16391A68DE96006FE974 /* Info.plist */,
				D38C163A1A68DE96006FE974 /* main.m */,
			);
			name = "Supporting Files";
			sourceTree = "<group>";
		};
		D38C16511A68DE96006FE974 /* PhotonTests */ = {
			isa = PBXGroup;
			children = (
				D38C16541A68DE96006FE974 /* PhotonTests.m */,
				D38C16521A68DE96006FE974 /* Supporting Files */,
			);
			path = PhotonTests;
			sourceTree = "<group>";
		};
		D38C16521A68DE96006FE974 /* Supporting Files */ = {
			isa = PBXGroup;
			children = (
				D38C16531A68DE96006FE974 /* Info.plist */,
			);
			name = "Supporting Files";
			sourceTree = "<group>";
		};
		D3BA63281A6B664600095EF7 /* Lumberjack */ = {
			isa = PBXGroup;
			children = (
				D3BA63291A6B664600095EF7 /* DDAbstractDatabaseLogger.h */,
				D3BA632A1A6B664600095EF7 /* DDAbstractDatabaseLogger.m */,
				D3BA632B1A6B664600095EF7 /* DDASLLogger.h */,
				D3BA632C1A6B664600095EF7 /* DDASLLogger.m */,
				D3BA632D1A6B664600095EF7 /* DDFileLogger.h */,
				D3BA632E1A6B664600095EF7 /* DDFileLogger.m */,
				D3BA632F1A6B664600095EF7 /* DDLog.h */,
				D3BA63301A6B664600095EF7 /* DDLog.m */,
				D3BA63311A6B664600095EF7 /* DDTTYLogger.h */,
				D3BA63321A6B664600095EF7 /* DDTTYLogger.m */,
				D3BA63331A6B664600095EF7 /* Extensions */,
			);
			path = Lumberjack;
			sourceTree = "<group>";
		};
		D3BA63331A6B664600095EF7 /* Extensions */ = {
			isa = PBXGroup;
			children = (
				D3BA63341A6B664600095EF7 /* ContextFilterLogFormatter.h */,
				D3BA63351A6B664600095EF7 /* ContextFilterLogFormatter.m */,
				D3BA63361A6B664600095EF7 /* DispatchQueueLogFormatter.h */,
				D3BA63371A6B664600095EF7 /* DispatchQueueLogFormatter.m */,
			);
			path = Extensions;
			sourceTree = "<group>";
		};
		D3ED38551A7ED3E0000CE316 /* Groups */ = {
			isa = PBXGroup;
			children = (
				D37BE8CA1A6D45F200C67CE5 /* GroupListViewController.h */,
				D37BE8CB1A6D45F200C67CE5 /* GroupListViewController.m */,
				D37BE8CD1A6D4BD600C67CE5 /* EditGroupViewController.h */,
				D37BE8CE1A6D4BD600C67CE5 /* EditGroupViewController.m */,
			);
			name = Groups;
			sourceTree = "<group>";
		};
		D3ED38561A7ED3F3000CE316 /* Scenes */ = {
			isa = PBXGroup;
			children = (
				D3ED38571A7ED43F000CE316 /* SceneListViewController.h */,
				D3ED38581A7ED43F000CE316 /* SceneListViewController.m */,
			);
			name = Scenes;
			sourceTree = "<group>";
		};
		D3ED385A1A7F7913000CE316 /* Resource Collection */ = {
			isa = PBXGroup;
			children = (
				D3B90BB11A6F902F0062E355 /* LightGroupView.xib */,
				D3FB69521A6D0D810068945E /* ResourceViewController.h */,
				D3FB69531A6D0D810068945E /* ResourceViewController.m */,
				D3ED38511A7DBE58000CE316 /* ResourceCollectionViewCell.xib */,
				D3ED384E1A7DAD30000CE316 /* ResourceCollectionViewCell.h */,
				D3ED384F1A7DAD30000CE316 /* ResourceCollectionViewCell.m */,
				D3779F121A78B483008B817A /* ResourceCollectionHeaderReusableView.xib */,
			);
			name = "Resource Collection";
			sourceTree = "<group>";
		};
		D3ED385B1A7F7982000CE316 /* Setup */ = {
			isa = PBXGroup;
			children = (
				D3FB694F1A6CF7080068945E /* SetupViewController.xib */,
				D3FB694D1A6CF7080068945E /* SetupViewController.h */,
				D3FB694E1A6CF7080068945E /* SetupViewController.m */,
				D322AA0C1A6E0D7B00D7DC05 /* HueBridgeView.h */,
				D322AA0D1A6E0D7B00D7DC05 /* HueBridgeView.m */,
			);
			name = Setup;
			sourceTree = "<group>";
		};
/* End PBXGroup section */

/* Begin PBXNativeTarget section */
		D34FB29F1A71714600DB659E /* Photon WatchKit Extension */ = {
			isa = PBXNativeTarget;
			buildConfigurationList = D34FB2C11A71714700DB659E /* Build configuration list for PBXNativeTarget "Photon WatchKit Extension" */;
			buildPhases = (
				D34FB29C1A71714600DB659E /* Sources */,
				D34FB29D1A71714600DB659E /* Frameworks */,
				D34FB29E1A71714600DB659E /* Resources */,
			);
			buildRules = (
			);
			dependencies = (
				D34FB2B21A71714700DB659E /* PBXTargetDependency */,
			);
			name = "Photon WatchKit Extension";
			productName = "Photon WatchKit Extension";
			productReference = D34FB2A01A71714600DB659E /* Photon WatchKit Extension.appex */;
			productType = "com.apple.product-type.watchkit-extension";
		};
		D34FB2AE1A71714700DB659E /* Photon WatchKit App */ = {
			isa = PBXNativeTarget;
			buildConfigurationList = D34FB2BE1A71714700DB659E /* Build configuration list for PBXNativeTarget "Photon WatchKit App" */;
			buildPhases = (
				D34FB2AD1A71714700DB659E /* Resources */,
			);
			buildRules = (
			);
			dependencies = (
			);
			name = "Photon WatchKit App";
			productName = "Photon WatchKit App";
			productReference = D34FB2AF1A71714700DB659E /* Photon WatchKit App.app */;
			productType = "com.apple.product-type.application.watchapp";
		};
		D38C16341A68DE96006FE974 /* Photon */ = {
			isa = PBXNativeTarget;
			buildConfigurationList = D38C16581A68DE96006FE974 /* Build configuration list for PBXNativeTarget "Photon" */;
			buildPhases = (
				D38C16311A68DE96006FE974 /* Sources */,
				D38C16321A68DE96006FE974 /* Frameworks */,
				D38C16331A68DE96006FE974 /* Resources */,
				D34FB24B1A70F56F00DB659E /* Embed App Extensions */,
			);
			buildRules = (
			);
			dependencies = (
				D34FB2BC1A71714700DB659E /* PBXTargetDependency */,
			);
			name = Photon;
			productName = Photon;
			productReference = D38C16351A68DE96006FE974 /* Photon.app */;
			productType = "com.apple.product-type.application";
		};
		D38C164D1A68DE96006FE974 /* PhotonTests */ = {
			isa = PBXNativeTarget;
			buildConfigurationList = D38C165B1A68DE96006FE974 /* Build configuration list for PBXNativeTarget "PhotonTests" */;
			buildPhases = (
				D38C164A1A68DE96006FE974 /* Sources */,
				D38C164B1A68DE96006FE974 /* Frameworks */,
				D38C164C1A68DE96006FE974 /* Resources */,
			);
			buildRules = (
			);
			dependencies = (
				D38C16501A68DE96006FE974 /* PBXTargetDependency */,
			);
			name = PhotonTests;
			productName = PhotonTests;
			productReference = D38C164E1A68DE96006FE974 /* PhotonTests.xctest */;
			productType = "com.apple.product-type.bundle.unit-test";
		};
/* End PBXNativeTarget section */

/* Begin PBXProject section */
		D38C162D1A68DE96006FE974 /* Project object */ = {
			isa = PBXProject;
			attributes = {
				LastUpgradeCheck = 0610;
				ORGANIZATIONNAME = phil;
				TargetAttributes = {
					D34FB29F1A71714600DB659E = {
						CreatedOnToolsVersion = 6.2;
						DevelopmentTeam = V9RH239UZW;
					};
					D34FB2AE1A71714700DB659E = {
						CreatedOnToolsVersion = 6.2;
					};
					D38C16341A68DE96006FE974 = {
						CreatedOnToolsVersion = 6.1;
						DevelopmentTeam = V9RH239UZW;
					};
					D38C164D1A68DE96006FE974 = {
						CreatedOnToolsVersion = 6.1;
						TestTargetID = D38C16341A68DE96006FE974;
					};
				};
			};
			buildConfigurationList = D38C16301A68DE96006FE974 /* Build configuration list for PBXProject "Photon" */;
			compatibilityVersion = "Xcode 3.2";
			developmentRegion = English;
			hasScannedForEncodings = 0;
			knownRegions = (
				en,
				Base,
			);
			mainGroup = D38C162C1A68DE96006FE974;
			productRefGroup = D38C16361A68DE96006FE974 /* Products */;
			projectDirPath = "";
			projectRoot = "";
			targets = (
				D38C16341A68DE96006FE974 /* Photon */,
				D38C164D1A68DE96006FE974 /* PhotonTests */,
				D34FB29F1A71714600DB659E /* Photon WatchKit Extension */,
				D34FB2AE1A71714700DB659E /* Photon WatchKit App */,
			);
		};
/* End PBXProject section */

/* Begin PBXResourcesBuildPhase section */
		D34FB29E1A71714600DB659E /* Resources */ = {
			isa = PBXResourcesBuildPhase;
			buildActionMask = 2147483647;
			files = (
				D34FB2B01A71714700DB659E /* Photon WatchKit App.app in Resources */,
				D34FB2AC1A71714600DB659E /* Images.xcassets in Resources */,
			);
			runOnlyForDeploymentPostprocessing = 0;
		};
		D34FB2AD1A71714700DB659E /* Resources */ = {
			isa = PBXResourcesBuildPhase;
			buildActionMask = 2147483647;
			files = (
				D34FB2B81A71714700DB659E /* Interface.storyboard in Resources */,
				D34FB2BA1A71714700DB659E /* Images.xcassets in Resources */,
			);
			runOnlyForDeploymentPostprocessing = 0;
		};
		D38C16331A68DE96006FE974 /* Resources */ = {
			isa = PBXResourcesBuildPhase;
			buildActionMask = 2147483647;
			files = (
				D3B90BB21A6F902F0062E355 /* LightGroupView.xib in Resources */,
				D3FB69511A6CF7080068945E /* SetupViewController.xib in Resources */,
				D38C16491A68DE96006FE974 /* LaunchScreen.xib in Resources */,
				D38C16461A68DE96006FE974 /* Images.xcassets in Resources */,
				D3ED38521A7DBE58000CE316 /* ResourceCollectionViewCell.xib in Resources */,
				D3779F131A78B483008B817A /* ResourceCollectionHeaderReusableView.xib in Resources */,
			);
			runOnlyForDeploymentPostprocessing = 0;
		};
		D38C164C1A68DE96006FE974 /* Resources */ = {
			isa = PBXResourcesBuildPhase;
			buildActionMask = 2147483647;
			files = (
			);
			runOnlyForDeploymentPostprocessing = 0;
		};
/* End PBXResourcesBuildPhase section */

/* Begin PBXSourcesBuildPhase section */
		D34FB29C1A71714600DB659E /* Sources */ = {
			isa = PBXSourcesBuildPhase;
			buildActionMask = 2147483647;
			files = (
				D3DF823E1A74264C001AD7DB /* DDLog.m in Sources */,
				D3DF823C1A7425B1001AD7DB /* PNLightController.m in Sources */,
				D34FB2AA1A71714600DB659E /* NotificationController.m in Sources */,
				D31C3BE51A722834006D2678 /* ResourceRowController.m in Sources */,
				D34FB2A71A71714600DB659E /* InterfaceController.m in Sources */,
			);
			runOnlyForDeploymentPostprocessing = 0;
		};
		D38C16311A68DE96006FE974 /* Sources */ = {
			isa = PBXSourcesBuildPhase;
			buildActionMask = 2147483647;
			files = (
				D3B90BB01A6F77E50062E355 /* PNColorPickerView.m in Sources */,
				D38C163E1A68DE96006FE974 /* PNAppDelegate.m in Sources */,
				D3BA63391A6B664600095EF7 /* DDASLLogger.m in Sources */,
				D3FB69501A6CF7080068945E /* SetupViewController.m in Sources */,
				D322AA0E1A6E0D7B00D7DC05 /* HueBridgeView.m in Sources */,
				D3ED38591A7ED43F000CE316 /* SceneListViewController.m in Sources */,
				D3BA633D1A6B664600095EF7 /* ContextFilterLogFormatter.m in Sources */,
				D3BA633C1A6B664600095EF7 /* DDTTYLogger.m in Sources */,
				D37BE8CC1A6D45F200C67CE5 /* GroupListViewController.m in Sources */,
				D3ED38501A7DAD30000CE316 /* ResourceCollectionViewCell.m in Sources */,
				D3FB69551A6D0D810068945E /* ResourceViewController.m in Sources */,
				D3BA633A1A6B664600095EF7 /* DDFileLogger.m in Sources */,
				D3ED385E1A7FE2A9000CE316 /* PNColorPickerVC.m in Sources */,
				D3BA633B1A6B664600095EF7 /* DDLog.m in Sources */,
				D38C163B1A68DE96006FE974 /* main.m in Sources */,
				D3BA633E1A6B664600095EF7 /* DispatchQueueLogFormatter.m in Sources */,
				D37BE8CF1A6D4BD600C67CE5 /* EditGroupViewController.m in Sources */,
				D3BA63381A6B664600095EF7 /* DDAbstractDatabaseLogger.m in Sources */,
				D3C487EE1A8088B000ED9EDC /* PNColorView.m in Sources */,
				D3C33B331A738AD10008EAFA /* PNLightController.m in Sources */,
			);
			runOnlyForDeploymentPostprocessing = 0;
		};
		D38C164A1A68DE96006FE974 /* Sources */ = {
			isa = PBXSourcesBuildPhase;
			buildActionMask = 2147483647;
			files = (
				D38C16551A68DE96006FE974 /* PhotonTests.m in Sources */,
			);
			runOnlyForDeploymentPostprocessing = 0;
		};
/* End PBXSourcesBuildPhase section */

/* Begin PBXTargetDependency section */
		D34FB2B21A71714700DB659E /* PBXTargetDependency */ = {
			isa = PBXTargetDependency;
			target = D34FB2AE1A71714700DB659E /* Photon WatchKit App */;
			targetProxy = D34FB2B11A71714700DB659E /* PBXContainerItemProxy */;
		};
		D34FB2BC1A71714700DB659E /* PBXTargetDependency */ = {
			isa = PBXTargetDependency;
			target = D34FB29F1A71714600DB659E /* Photon WatchKit Extension */;
			targetProxy = D34FB2BB1A71714700DB659E /* PBXContainerItemProxy */;
		};
		D38C16501A68DE96006FE974 /* PBXTargetDependency */ = {
			isa = PBXTargetDependency;
			target = D38C16341A68DE96006FE974 /* Photon */;
			targetProxy = D38C164F1A68DE96006FE974 /* PBXContainerItemProxy */;
		};
/* End PBXTargetDependency section */

/* Begin PBXVariantGroup section */
		D34FB2B61A71714700DB659E /* Interface.storyboard */ = {
			isa = PBXVariantGroup;
			children = (
				D34FB2B71A71714700DB659E /* Base */,
			);
			name = Interface.storyboard;
			sourceTree = "<group>";
		};
		D38C16471A68DE96006FE974 /* LaunchScreen.xib */ = {
			isa = PBXVariantGroup;
			children = (
				D38C16481A68DE96006FE974 /* Base */,
			);
			name = LaunchScreen.xib;
			sourceTree = "<group>";
		};
/* End PBXVariantGroup section */

/* Begin XCBuildConfiguration section */
		D34FB2BF1A71714700DB659E /* Debug */ = {
			isa = XCBuildConfiguration;
			buildSettings = {
				ASSETCATALOG_COMPILER_APPICON_NAME = AppIcon;
				ASSETCATALOG_COMPILER_LAUNCHIMAGE_NAME = LaunchImage;
				GCC_PREPROCESSOR_DEFINITIONS = (
					"DEBUG=1",
					"$(inherited)",
				);
				IBSC_MODULE = Photon_WatchKit_Extension;
				INFOPLIST_FILE = "Photon WatchKit App/Info.plist";
				IPHONEOS_DEPLOYMENT_TARGET = 8.2;
				PRODUCT_NAME = "$(TARGET_NAME)";
				SKIP_INSTALL = YES;
				TARGETED_DEVICE_FAMILY = 4;
				"TARGETED_DEVICE_FAMILY[sdk=iphonesimulator*]" = "1,4";
			};
			name = Debug;
		};
		D34FB2C01A71714700DB659E /* Release */ = {
			isa = XCBuildConfiguration;
			buildSettings = {
				ASSETCATALOG_COMPILER_APPICON_NAME = AppIcon;
				ASSETCATALOG_COMPILER_LAUNCHIMAGE_NAME = LaunchImage;
				COPY_PHASE_STRIP = NO;
				IBSC_MODULE = Photon_WatchKit_Extension;
				INFOPLIST_FILE = "Photon WatchKit App/Info.plist";
				IPHONEOS_DEPLOYMENT_TARGET = 8.2;
				PRODUCT_NAME = "$(TARGET_NAME)";
				SKIP_INSTALL = YES;
				TARGETED_DEVICE_FAMILY = 4;
				"TARGETED_DEVICE_FAMILY[sdk=iphonesimulator*]" = "1,4";
			};
			name = Release;
		};
		D34FB2C21A71714700DB659E /* Debug */ = {
			isa = XCBuildConfiguration;
			buildSettings = {
				CODE_SIGN_IDENTITY = "iPhone Developer";
				"CODE_SIGN_IDENTITY[sdk=iphoneos*]" = "iPhone Developer";
				FRAMEWORK_SEARCH_PATHS = (
					"$(inherited)",
					"$(PROJECT_DIR)",
				);
				GCC_PREPROCESSOR_DEFINITIONS = (
					"DEBUG=1",
					"$(inherited)",
				);
				INFOPLIST_FILE = "Photon WatchKit Extension/Info.plist";
				IPHONEOS_DEPLOYMENT_TARGET = 8.2;
				LD_RUNPATH_SEARCH_PATHS = "$(inherited) @executable_path/Frameworks @executable_path/../../Frameworks";
				PRODUCT_NAME = "${TARGET_NAME}";
				SKIP_INSTALL = YES;
			};
			name = Debug;
		};
		D34FB2C31A71714700DB659E /* Release */ = {
			isa = XCBuildConfiguration;
			buildSettings = {
				CODE_SIGN_IDENTITY = "iPhone Developer";
				"CODE_SIGN_IDENTITY[sdk=iphoneos*]" = "iPhone Developer";
				COPY_PHASE_STRIP = NO;
				FRAMEWORK_SEARCH_PATHS = (
					"$(inherited)",
					"$(PROJECT_DIR)",
				);
				INFOPLIST_FILE = "Photon WatchKit Extension/Info.plist";
				IPHONEOS_DEPLOYMENT_TARGET = 8.2;
				LD_RUNPATH_SEARCH_PATHS = "$(inherited) @executable_path/Frameworks @executable_path/../../Frameworks";
				PRODUCT_NAME = "${TARGET_NAME}";
				SKIP_INSTALL = YES;
			};
			name = Release;
		};
		D38C16561A68DE96006FE974 /* Debug */ = {
			isa = XCBuildConfiguration;
			buildSettings = {
				ALWAYS_SEARCH_USER_PATHS = NO;
				CLANG_CXX_LANGUAGE_STANDARD = "gnu++0x";
				CLANG_CXX_LIBRARY = "libc++";
				CLANG_ENABLE_MODULES = YES;
				CLANG_ENABLE_OBJC_ARC = YES;
				CLANG_WARN_BOOL_CONVERSION = YES;
				CLANG_WARN_CONSTANT_CONVERSION = YES;
				CLANG_WARN_DIRECT_OBJC_ISA_USAGE = YES_ERROR;
				CLANG_WARN_EMPTY_BODY = YES;
				CLANG_WARN_ENUM_CONVERSION = YES;
				CLANG_WARN_INT_CONVERSION = YES;
				CLANG_WARN_OBJC_ROOT_CLASS = YES_ERROR;
				CLANG_WARN_UNREACHABLE_CODE = YES;
				CLANG_WARN__DUPLICATE_METHOD_MATCH = YES;
				"CODE_SIGN_IDENTITY[sdk=iphoneos*]" = "iPhone Developer";
				COPY_PHASE_STRIP = NO;
				ENABLE_STRICT_OBJC_MSGSEND = YES;
				GCC_C_LANGUAGE_STANDARD = gnu99;
				GCC_DYNAMIC_NO_PIC = NO;
				GCC_OPTIMIZATION_LEVEL = 0;
				GCC_PREPROCESSOR_DEFINITIONS = (
					"DEBUG=1",
					"$(inherited)",
				);
				GCC_SYMBOLS_PRIVATE_EXTERN = NO;
				GCC_WARN_64_TO_32_BIT_CONVERSION = YES;
				GCC_WARN_ABOUT_RETURN_TYPE = YES_ERROR;
				GCC_WARN_UNDECLARED_SELECTOR = YES;
				GCC_WARN_UNINITIALIZED_AUTOS = YES_AGGRESSIVE;
				GCC_WARN_UNUSED_FUNCTION = YES;
				GCC_WARN_UNUSED_VARIABLE = YES;
				IPHONEOS_DEPLOYMENT_TARGET = 8.1;
				MTL_ENABLE_DEBUG_INFO = YES;
				ONLY_ACTIVE_ARCH = YES;
				SDKROOT = iphoneos;
				TARGETED_DEVICE_FAMILY = "1,2";
			};
			name = Debug;
		};
		D38C16571A68DE96006FE974 /* Release */ = {
			isa = XCBuildConfiguration;
			buildSettings = {
				ALWAYS_SEARCH_USER_PATHS = NO;
				CLANG_CXX_LANGUAGE_STANDARD = "gnu++0x";
				CLANG_CXX_LIBRARY = "libc++";
				CLANG_ENABLE_MODULES = YES;
				CLANG_ENABLE_OBJC_ARC = YES;
				CLANG_WARN_BOOL_CONVERSION = YES;
				CLANG_WARN_CONSTANT_CONVERSION = YES;
				CLANG_WARN_DIRECT_OBJC_ISA_USAGE = YES_ERROR;
				CLANG_WARN_EMPTY_BODY = YES;
				CLANG_WARN_ENUM_CONVERSION = YES;
				CLANG_WARN_INT_CONVERSION = YES;
				CLANG_WARN_OBJC_ROOT_CLASS = YES_ERROR;
				CLANG_WARN_UNREACHABLE_CODE = YES;
				CLANG_WARN__DUPLICATE_METHOD_MATCH = YES;
				"CODE_SIGN_IDENTITY[sdk=iphoneos*]" = "iPhone Developer";
				COPY_PHASE_STRIP = YES;
				ENABLE_NS_ASSERTIONS = NO;
				ENABLE_STRICT_OBJC_MSGSEND = YES;
				GCC_C_LANGUAGE_STANDARD = gnu99;
				GCC_WARN_64_TO_32_BIT_CONVERSION = YES;
				GCC_WARN_ABOUT_RETURN_TYPE = YES_ERROR;
				GCC_WARN_UNDECLARED_SELECTOR = YES;
				GCC_WARN_UNINITIALIZED_AUTOS = YES_AGGRESSIVE;
				GCC_WARN_UNUSED_FUNCTION = YES;
				GCC_WARN_UNUSED_VARIABLE = YES;
				IPHONEOS_DEPLOYMENT_TARGET = 8.1;
				MTL_ENABLE_DEBUG_INFO = NO;
				SDKROOT = iphoneos;
				TARGETED_DEVICE_FAMILY = "1,2";
				VALIDATE_PRODUCT = YES;
			};
			name = Release;
		};
		D38C16591A68DE96006FE974 /* Debug */ = {
			isa = XCBuildConfiguration;
			buildSettings = {
				ASSETCATALOG_COMPILER_APPICON_NAME = AppIcon;
				CODE_SIGN_IDENTITY = "iPhone Developer";
				"CODE_SIGN_IDENTITY[sdk=iphoneos*]" = "iPhone Developer";
				FRAMEWORK_SEARCH_PATHS = (
					"$(inherited)",
					"$(PROJECT_DIR)",
				);
				INFOPLIST_FILE = Photon/Info.plist;
				LD_RUNPATH_SEARCH_PATHS = "$(inherited) @executable_path/Frameworks";
				OTHER_LDFLAGS = "-ObjC";
				PRODUCT_NAME = "$(TARGET_NAME)";
				PROVISIONING_PROFILE = "";
			};
			name = Debug;
		};
		D38C165A1A68DE96006FE974 /* Release */ = {
			isa = XCBuildConfiguration;
			buildSettings = {
				ASSETCATALOG_COMPILER_APPICON_NAME = AppIcon;
				CODE_SIGN_IDENTITY = "iPhone Developer";
				"CODE_SIGN_IDENTITY[sdk=iphoneos*]" = "iPhone Developer";
				FRAMEWORK_SEARCH_PATHS = (
					"$(inherited)",
					"$(PROJECT_DIR)",
				);
				INFOPLIST_FILE = Photon/Info.plist;
				LD_RUNPATH_SEARCH_PATHS = "$(inherited) @executable_path/Frameworks";
				OTHER_LDFLAGS = "-ObjC";
				PRODUCT_NAME = "$(TARGET_NAME)";
				PROVISIONING_PROFILE = "";
			};
			name = Release;
		};
		D38C165C1A68DE96006FE974 /* Debug */ = {
			isa = XCBuildConfiguration;
			buildSettings = {
				BUNDLE_LOADER = "$(TEST_HOST)";
				FRAMEWORK_SEARCH_PATHS = (
					"$(SDKROOT)/Developer/Library/Frameworks",
					"$(inherited)",
				);
				GCC_PREPROCESSOR_DEFINITIONS = (
					"DEBUG=1",
					"$(inherited)",
				);
				INFOPLIST_FILE = PhotonTests/Info.plist;
				LD_RUNPATH_SEARCH_PATHS = "$(inherited) @executable_path/Frameworks @loader_path/Frameworks";
				PRODUCT_NAME = "$(TARGET_NAME)";
				TEST_HOST = "$(BUILT_PRODUCTS_DIR)/Photon.app/Photon";
			};
			name = Debug;
		};
		D38C165D1A68DE96006FE974 /* Release */ = {
			isa = XCBuildConfiguration;
			buildSettings = {
				BUNDLE_LOADER = "$(TEST_HOST)";
				FRAMEWORK_SEARCH_PATHS = (
					"$(SDKROOT)/Developer/Library/Frameworks",
					"$(inherited)",
				);
				INFOPLIST_FILE = PhotonTests/Info.plist;
				LD_RUNPATH_SEARCH_PATHS = "$(inherited) @executable_path/Frameworks @loader_path/Frameworks";
				PRODUCT_NAME = "$(TARGET_NAME)";
				TEST_HOST = "$(BUILT_PRODUCTS_DIR)/Photon.app/Photon";
			};
			name = Release;
		};
/* End XCBuildConfiguration section */

/* Begin XCConfigurationList section */
		D34FB2BE1A71714700DB659E /* Build configuration list for PBXNativeTarget "Photon WatchKit App" */ = {
			isa = XCConfigurationList;
			buildConfigurations = (
				D34FB2BF1A71714700DB659E /* Debug */,
				D34FB2C01A71714700DB659E /* Release */,
			);
			defaultConfigurationIsVisible = 0;
			defaultConfigurationName = Release;
		};
		D34FB2C11A71714700DB659E /* Build configuration list for PBXNativeTarget "Photon WatchKit Extension" */ = {
			isa = XCConfigurationList;
			buildConfigurations = (
				D34FB2C21A71714700DB659E /* Debug */,
				D34FB2C31A71714700DB659E /* Release */,
			);
			defaultConfigurationIsVisible = 0;
			defaultConfigurationName = Release;
		};
		D38C16301A68DE96006FE974 /* Build configuration list for PBXProject "Photon" */ = {
			isa = XCConfigurationList;
			buildConfigurations = (
				D38C16561A68DE96006FE974 /* Debug */,
				D38C16571A68DE96006FE974 /* Release */,
			);
			defaultConfigurationIsVisible = 0;
			defaultConfigurationName = Release;
		};
		D38C16581A68DE96006FE974 /* Build configuration list for PBXNativeTarget "Photon" */ = {
			isa = XCConfigurationList;
			buildConfigurations = (
				D38C16591A68DE96006FE974 /* Debug */,
				D38C165A1A68DE96006FE974 /* Release */,
			);
			defaultConfigurationIsVisible = 0;
			defaultConfigurationName = Release;
		};
		D38C165B1A68DE96006FE974 /* Build configuration list for PBXNativeTarget "PhotonTests" */ = {
			isa = XCConfigurationList;
			buildConfigurations = (
				D38C165C1A68DE96006FE974 /* Debug */,
				D38C165D1A68DE96006FE974 /* Release */,
			);
			defaultConfigurationIsVisible = 0;
			defaultConfigurationName = Release;
		};
/* End XCConfigurationList section */
	};
	rootObject = D38C162D1A68DE96006FE974 /* Project object */;
}
